// !$*UTF8*$!
{
	archiveVersion = 1;
	classes = {
	};
	objectVersion = 46;
	objects = {

/* Begin PBXBuildFile section */
		251133BD13CDA6AC008D332D /* MCChatClient.m in Sources */ = {isa = PBXBuildFile; fileRef = 2511335E13CDA6AC008D332D /* MCChatClient.m */; };
		251133BF13CDA6AC008D332D /* MCMessage.m in Sources */ = {isa = PBXBuildFile; fileRef = 2511336213CDA6AC008D332D /* MCMessage.m */; };
		251133C013CDA6AC008D332D /* MCMessageBroker.m in Sources */ = {isa = PBXBuildFile; fileRef = 2511336413CDA6AC008D332D /* MCMessageBroker.m */; };
		251133D713CDA6AC008D332D /* MCChatRoom.m in Sources */ = {isa = PBXBuildFile; fileRef = 2511339D13CDA6AC008D332D /* MCChatRoom.m */; };
		251133D813CDA6AC008D332D /* MCChatRooms.m in Sources */ = {isa = PBXBuildFile; fileRef = 2511339F13CDA6AC008D332D /* MCChatRooms.m */; };
		251133DA13CDA6AC008D332D /* MCRestConnectionHandler.m in Sources */ = {isa = PBXBuildFile; fileRef = 251133A313CDA6AC008D332D /* MCRestConnectionHandler.m */; };
		251133DB13CDA6AC008D332D /* MCRestResourceProvider.m in Sources */ = {isa = PBXBuildFile; fileRef = 251133A613CDA6AC008D332D /* MCRestResourceProvider.m */; };
		251133DC13CDA6AC008D332D /* MCRootResources.m in Sources */ = {isa = PBXBuildFile; fileRef = 251133A813CDA6AC008D332D /* MCRootResources.m */; };
		251133DD13CDA6AC008D332D /* MCUser.m in Sources */ = {isa = PBXBuildFile; fileRef = 251133AA13CDA6AC008D332D /* MCUser.m */; };
		251133DE13CDA6AC008D332D /* MCUsers.m in Sources */ = {isa = PBXBuildFile; fileRef = 251133AC13CDA6AC008D332D /* MCUsers.m */; };
		251133DF13CDA6AC008D332D /* MCWebServer.m in Sources */ = {isa = PBXBuildFile; fileRef = 251133AE13CDA6AC008D332D /* MCWebServer.m */; };
		251133E013CDA6AC008D332D /* MCChatController.m in Sources */ = {isa = PBXBuildFile; fileRef = 251133B113CDA6AC008D332D /* MCChatController.m */; };
		251133E113CDA6AC008D332D /* MCChatController.xib in Resources */ = {isa = PBXBuildFile; fileRef = 251133B213CDA6AC008D332D /* MCChatController.xib */; };
		251133E213CDA6AC008D332D /* MCRestBrowserController.m in Sources */ = {isa = PBXBuildFile; fileRef = 251133B413CDA6AC008D332D /* MCRestBrowserController.m */; };
		251133E313CDA6AC008D332D /* MCRestBrowserController.xib in Resources */ = {isa = PBXBuildFile; fileRef = 251133B513CDA6AC008D332D /* MCRestBrowserController.xib */; };
		251133E413CDA6AC008D332D /* MCServiceCell.xib in Resources */ = {isa = PBXBuildFile; fileRef = 251133B613CDA6AC008D332D /* MCServiceCell.xib */; };
		251133E513CDA6AC008D332D /* MCServiceDetailsController.m in Sources */ = {isa = PBXBuildFile; fileRef = 251133B813CDA6AC008D332D /* MCServiceDetailsController.m */; };
		251133E613CDA6AC008D332D /* MCServiceDetailsController.xib in Resources */ = {isa = PBXBuildFile; fileRef = 251133B913CDA6AC008D332D /* MCServiceDetailsController.xib */; };
		251133E713CDA6AC008D332D /* MCServiceListController.m in Sources */ = {isa = PBXBuildFile; fileRef = 251133BB13CDA6AC008D332D /* MCServiceListController.m */; };
		251133E813CDA6AC008D332D /* MCServiceListController.xib in Resources */ = {isa = PBXBuildFile; fileRef = 251133BC13CDA6AC008D332D /* MCServiceListController.xib */; };
		251CACB213D02C6C0056285B /* tray_mail.png in Resources */ = {isa = PBXBuildFile; fileRef = 251CACB013D02C6C0056285B /* tray_mail.png */; };
		251CACB313D02C6C0056285B /* tray_mail@2x.png in Resources */ = {isa = PBXBuildFile; fileRef = 251CACB113D02C6C0056285B /* tray_mail@2x.png */; };
		251DE35013C5973000B593A4 /* MCDataStore.m in Sources */ = {isa = PBXBuildFile; fileRef = 251DE34F13C5973000B593A4 /* MCDataStore.m */; };
		2527C53413BC6C2A0038F2DE /* MCServiceBrowser.m in Sources */ = {isa = PBXBuildFile; fileRef = 2527C53313BC6C2A0038F2DE /* MCServiceBrowser.m */; };
		2554A1A013A25EB20086E87A /* CFNetwork.framework in Frameworks */ = {isa = PBXBuildFile; fileRef = 2554A19F13A25EB20086E87A /* CFNetwork.framework */; };
		2554A1B613A263050086E87A /* comment.png in Resources */ = {isa = PBXBuildFile; fileRef = 2554A1B213A263050086E87A /* comment.png */; };
		2554A1B713A263050086E87A /* comment@2x.png in Resources */ = {isa = PBXBuildFile; fileRef = 2554A1B313A263050086E87A /* comment@2x.png */; };
		2554A1B813A263050086E87A /* magnifier.png in Resources */ = {isa = PBXBuildFile; fileRef = 2554A1B413A263050086E87A /* magnifier.png */; };
		2554A1B913A263050086E87A /* magnifier@2x.png in Resources */ = {isa = PBXBuildFile; fileRef = 2554A1B513A263050086E87A /* magnifier@2x.png */; };
		2554A1F013A26B6C0086E87A /* reload.png in Resources */ = {isa = PBXBuildFile; fileRef = 2554A1EE13A26B6C0086E87A /* reload.png */; };
		2554A1F113A26B6C0086E87A /* reload@2x.png in Resources */ = {isa = PBXBuildFile; fileRef = 2554A1EF13A26B6C0086E87A /* reload@2x.png */; };
		25627FB613B1F13100D2E9D2 /* MCUserTests.m in Sources */ = {isa = PBXBuildFile; fileRef = 25627FB513B1F13100D2E9D2 /* MCUserTests.m */; };
		2591B0A613AB5C8A009594DB /* libCocoaHTTPServer.a in Frameworks */ = {isa = PBXBuildFile; fileRef = 2591B0A513AB5C8A009594DB /* libCocoaHTTPServer.a */; };
		2591B0B013AB5E74009594DB /* Web in Resources */ = {isa = PBXBuildFile; fileRef = 2591B0AF13AB5E74009594DB /* Web */; };
		2591B0BE13AB68BE009594DB /* libxml2.dylib in Frameworks */ = {isa = PBXBuildFile; fileRef = 2591B0BD13AB68BE009594DB /* libxml2.dylib */; };
		2591B0C013AB68D7009594DB /* libz.dylib in Frameworks */ = {isa = PBXBuildFile; fileRef = 2591B0BF13AB68D7009594DB /* libz.dylib */; };
		2591B0E313AB6930009594DB /* MobileCoreServices.framework in Frameworks */ = {isa = PBXBuildFile; fileRef = 2591B0E213AB692F009594DB /* MobileCoreServices.framework */; };
		2591B0E513AB6987009594DB /* SystemConfiguration.framework in Frameworks */ = {isa = PBXBuildFile; fileRef = 2591B0E413AB6987009594DB /* SystemConfiguration.framework */; };
		25A7F76013A0E8CF00F4BD57 /* UIKit.framework in Frameworks */ = {isa = PBXBuildFile; fileRef = 25A7F75F13A0E8CF00F4BD57 /* UIKit.framework */; };
		25A7F76213A0E8CF00F4BD57 /* Foundation.framework in Frameworks */ = {isa = PBXBuildFile; fileRef = 25A7F76113A0E8CF00F4BD57 /* Foundation.framework */; };
		25A7F76413A0E8CF00F4BD57 /* CoreGraphics.framework in Frameworks */ = {isa = PBXBuildFile; fileRef = 25A7F76313A0E8CF00F4BD57 /* CoreGraphics.framework */; };
		25A7F76A13A0E8CF00F4BD57 /* InfoPlist.strings in Resources */ = {isa = PBXBuildFile; fileRef = 25A7F76813A0E8CF00F4BD57 /* InfoPlist.strings */; };
		25A7F76D13A0E8CF00F4BD57 /* main.m in Sources */ = {isa = PBXBuildFile; fileRef = 25A7F76C13A0E8CF00F4BD57 /* main.m */; };
		25A7F77013A0E8CF00F4BD57 /* SerwusAppDelegate.m in Sources */ = {isa = PBXBuildFile; fileRef = 25A7F76F13A0E8CF00F4BD57 /* SerwusAppDelegate.m */; };
		25A7F77313A0E8CF00F4BD57 /* MainWindow.xib in Resources */ = {isa = PBXBuildFile; fileRef = 25A7F77113A0E8CF00F4BD57 /* MainWindow.xib */; };
		25A7F77A13A0E8D000F4BD57 /* UIKit.framework in Frameworks */ = {isa = PBXBuildFile; fileRef = 25A7F75F13A0E8CF00F4BD57 /* UIKit.framework */; };
		25A7F77B13A0E8D000F4BD57 /* Foundation.framework in Frameworks */ = {isa = PBXBuildFile; fileRef = 25A7F76113A0E8CF00F4BD57 /* Foundation.framework */; };
		25A7F77C13A0E8D000F4BD57 /* CoreGraphics.framework in Frameworks */ = {isa = PBXBuildFile; fileRef = 25A7F76313A0E8CF00F4BD57 /* CoreGraphics.framework */; };
		25A7F78413A0E8D000F4BD57 /* InfoPlist.strings in Resources */ = {isa = PBXBuildFile; fileRef = 25A7F78213A0E8D000F4BD57 /* InfoPlist.strings */; };
		25A7F78713A0E8D000F4BD57 /* SerwusTests.h in Resources */ = {isa = PBXBuildFile; fileRef = 25A7F78613A0E8D000F4BD57 /* SerwusTests.h */; };
		25A7F78913A0E8D000F4BD57 /* SerwusTests.m in Sources */ = {isa = PBXBuildFile; fileRef = 25A7F78813A0E8D000F4BD57 /* SerwusTests.m */; };
		25A7F79813A0FB7100F4BD57 /* DebugLog.m in Sources */ = {isa = PBXBuildFile; fileRef = 25A7F79713A0FB7100F4BD57 /* DebugLog.m */; };
		25A7F79913A0FB7100F4BD57 /* DebugLog.m in Sources */ = {isa = PBXBuildFile; fileRef = 25A7F79713A0FB7100F4BD57 /* DebugLog.m */; };
		25C2A3EA13D0642E001DEB0C /* MCChatClientListController.m in Sources */ = {isa = PBXBuildFile; fileRef = 25C2A3E813D0642E001DEB0C /* MCChatClientListController.m */; };
		25C2A3EB13D0642E001DEB0C /* MCChatClientListController.xib in Resources */ = {isa = PBXBuildFile; fileRef = 25C2A3E913D0642E001DEB0C /* MCChatClientListController.xib */; };
		25C2A3F613D071E2001DEB0C /* man.png in Resources */ = {isa = PBXBuildFile; fileRef = 25C2A3F413D071E2001DEB0C /* man.png */; };
		25C2A3F713D071E2001DEB0C /* man@2x.png in Resources */ = {isa = PBXBuildFile; fileRef = 25C2A3F513D071E2001DEB0C /* man@2x.png */; };
		25C2A42E13D08183001DEB0C /* ASIAuthenticationDialog.m in Sources */ = {isa = PBXBuildFile; fileRef = 25C2A3FB13D08183001DEB0C /* ASIAuthenticationDialog.m */; };
		25C2A42F13D08183001DEB0C /* ASIDataCompressor.m in Sources */ = {isa = PBXBuildFile; fileRef = 25C2A3FE13D08183001DEB0C /* ASIDataCompressor.m */; };
		25C2A43013D08183001DEB0C /* ASIDataDecompressor.m in Sources */ = {isa = PBXBuildFile; fileRef = 25C2A40013D08183001DEB0C /* ASIDataDecompressor.m */; };
		25C2A43113D08183001DEB0C /* ASIDownloadCache.m in Sources */ = {isa = PBXBuildFile; fileRef = 25C2A40213D08183001DEB0C /* ASIDownloadCache.m */; };
		25C2A43213D08183001DEB0C /* ASIFormDataRequest.m in Sources */ = {isa = PBXBuildFile; fileRef = 25C2A40413D08183001DEB0C /* ASIFormDataRequest.m */; };
		25C2A43313D08183001DEB0C /* ASIHTTPRequest.m in Sources */ = {isa = PBXBuildFile; fileRef = 25C2A40613D08183001DEB0C /* ASIHTTPRequest.m */; };
		25C2A43413D08183001DEB0C /* ASIInputStream.m in Sources */ = {isa = PBXBuildFile; fileRef = 25C2A40A13D08183001DEB0C /* ASIInputStream.m */; };
		25C2A43513D08183001DEB0C /* ASINetworkQueue.m in Sources */ = {isa = PBXBuildFile; fileRef = 25C2A40C13D08183001DEB0C /* ASINetworkQueue.m */; };
		25C2A43613D08183001DEB0C /* AsyncSocket.m in Sources */ = {isa = PBXBuildFile; fileRef = 25C2A40F13D08183001DEB0C /* AsyncSocket.m */; };
		25C2A43713D08183001DEB0C /* NSObject+SBJson.m in Sources */ = {isa = PBXBuildFile; fileRef = 25C2A41313D08183001DEB0C /* NSObject+SBJson.m */; };
		25C2A43813D08183001DEB0C /* SBJsonParser.m in Sources */ = {isa = PBXBuildFile; fileRef = 25C2A41613D08183001DEB0C /* SBJsonParser.m */; };
		25C2A43913D08183001DEB0C /* SBJsonStreamParser.m in Sources */ = {isa = PBXBuildFile; fileRef = 25C2A41813D08183001DEB0C /* SBJsonStreamParser.m */; };
		25C2A43A13D08183001DEB0C /* SBJsonStreamParserAccumulator.m in Sources */ = {isa = PBXBuildFile; fileRef = 25C2A41A13D08183001DEB0C /* SBJsonStreamParserAccumulator.m */; };
		25C2A43B13D08183001DEB0C /* SBJsonStreamParserAdapter.m in Sources */ = {isa = PBXBuildFile; fileRef = 25C2A41C13D08183001DEB0C /* SBJsonStreamParserAdapter.m */; };
		25C2A43C13D08183001DEB0C /* SBJsonStreamParserState.m in Sources */ = {isa = PBXBuildFile; fileRef = 25C2A41E13D08183001DEB0C /* SBJsonStreamParserState.m */; };
		25C2A43D13D08183001DEB0C /* SBJsonStreamWriter.m in Sources */ = {isa = PBXBuildFile; fileRef = 25C2A42013D08183001DEB0C /* SBJsonStreamWriter.m */; };
		25C2A43E13D08183001DEB0C /* SBJsonStreamWriterAccumulator.m in Sources */ = {isa = PBXBuildFile; fileRef = 25C2A42213D08183001DEB0C /* SBJsonStreamWriterAccumulator.m */; };
		25C2A43F13D08183001DEB0C /* SBJsonStreamWriterState.m in Sources */ = {isa = PBXBuildFile; fileRef = 25C2A42413D08183001DEB0C /* SBJsonStreamWriterState.m */; };
		25C2A44013D08183001DEB0C /* SBJsonTokeniser.m in Sources */ = {isa = PBXBuildFile; fileRef = 25C2A42613D08183001DEB0C /* SBJsonTokeniser.m */; };
		25C2A44113D08183001DEB0C /* SBJsonUTF8Stream.m in Sources */ = {isa = PBXBuildFile; fileRef = 25C2A42813D08183001DEB0C /* SBJsonUTF8Stream.m */; };
		25C2A44213D08183001DEB0C /* SBJsonWriter.m in Sources */ = {isa = PBXBuildFile; fileRef = 25C2A42A13D08183001DEB0C /* SBJsonWriter.m */; };
		25C2A44313D08183001DEB0C /* Reachability.m in Sources */ = {isa = PBXBuildFile; fileRef = 25C2A42D13D08183001DEB0C /* Reachability.m */; };
		25CE357113C458AE006F7459 /* CoreData.framework in Frameworks */ = {isa = PBXBuildFile; fileRef = 25CE357013C458AE006F7459 /* CoreData.framework */; };
		25F7174813CDC10500F4E1D4 /* MCChatClientsManager.m in Sources */ = {isa = PBXBuildFile; fileRef = 25F7174713CDC10500F4E1D4 /* MCChatClientsManager.m */; };
		25F7174B13CDC44700F4E1D4 /* MCChatServer.m in Sources */ = {isa = PBXBuildFile; fileRef = 25F7174A13CDC44700F4E1D4 /* MCChatServer.m */; };
/* End PBXBuildFile section */

/* Begin PBXContainerItemProxy section */
		2591B0A213AB5C35009594DB /* PBXContainerItemProxy */ = {
			isa = PBXContainerItemProxy;
			containerPortal = 2591B09B13AB5C35009594DB /* CocoaHTTPServer.xcodeproj */;
			proxyType = 2;
			remoteGlobalIDString = 2591B00213AB55EB009594DB;
			remoteInfo = CocoaHTTPServer;
		};
		25A7F77D13A0E8D000F4BD57 /* PBXContainerItemProxy */ = {
			isa = PBXContainerItemProxy;
			containerPortal = 25A7F75213A0E8CF00F4BD57 /* Project object */;
			proxyType = 1;
			remoteGlobalIDString = 25A7F75A13A0E8CF00F4BD57;
			remoteInfo = Serwus;
		};
/* End PBXContainerItemProxy section */

/* Begin PBXFileReference section */
		2511335D13CDA6AC008D332D /* MCChatClient.h */ = {isa = PBXFileReference; fileEncoding = 4; lastKnownFileType = sourcecode.c.h; path = MCChatClient.h; sourceTree = "<group>"; };
		2511335E13CDA6AC008D332D /* MCChatClient.m */ = {isa = PBXFileReference; fileEncoding = 4; lastKnownFileType = sourcecode.c.objc; path = MCChatClient.m; sourceTree = "<group>"; };
		2511336113CDA6AC008D332D /* MCMessage.h */ = {isa = PBXFileReference; fileEncoding = 4; lastKnownFileType = sourcecode.c.h; path = MCMessage.h; sourceTree = "<group>"; };
		2511336213CDA6AC008D332D /* MCMessage.m */ = {isa = PBXFileReference; fileEncoding = 4; lastKnownFileType = sourcecode.c.objc; path = MCMessage.m; sourceTree = "<group>"; };
		2511336313CDA6AC008D332D /* MCMessageBroker.h */ = {isa = PBXFileReference; fileEncoding = 4; lastKnownFileType = sourcecode.c.h; path = MCMessageBroker.h; sourceTree = "<group>"; };
		2511336413CDA6AC008D332D /* MCMessageBroker.m */ = {isa = PBXFileReference; fileEncoding = 4; lastKnownFileType = sourcecode.c.objc; path = MCMessageBroker.m; sourceTree = "<group>"; };
		2511339C13CDA6AC008D332D /* MCChatRoom.h */ = {isa = PBXFileReference; fileEncoding = 4; lastKnownFileType = sourcecode.c.h; path = MCChatRoom.h; sourceTree = "<group>"; };
		2511339D13CDA6AC008D332D /* MCChatRoom.m */ = {isa = PBXFileReference; fileEncoding = 4; lastKnownFileType = sourcecode.c.objc; path = MCChatRoom.m; sourceTree = "<group>"; };
		2511339E13CDA6AC008D332D /* MCChatRooms.h */ = {isa = PBXFileReference; fileEncoding = 4; lastKnownFileType = sourcecode.c.h; path = MCChatRooms.h; sourceTree = "<group>"; };
		2511339F13CDA6AC008D332D /* MCChatRooms.m */ = {isa = PBXFileReference; fileEncoding = 4; lastKnownFileType = sourcecode.c.objc; path = MCChatRooms.m; sourceTree = "<group>"; };
		251133A213CDA6AC008D332D /* MCRestConnectionHandler.h */ = {isa = PBXFileReference; fileEncoding = 4; lastKnownFileType = sourcecode.c.h; path = MCRestConnectionHandler.h; sourceTree = "<group>"; };
		251133A313CDA6AC008D332D /* MCRestConnectionHandler.m */ = {isa = PBXFileReference; fileEncoding = 4; lastKnownFileType = sourcecode.c.objc; path = MCRestConnectionHandler.m; sourceTree = "<group>"; };
		251133A413CDA6AC008D332D /* MCRestResource.h */ = {isa = PBXFileReference; fileEncoding = 4; lastKnownFileType = sourcecode.c.h; path = MCRestResource.h; sourceTree = "<group>"; };
		251133A513CDA6AC008D332D /* MCRestResourceProvider.h */ = {isa = PBXFileReference; fileEncoding = 4; lastKnownFileType = sourcecode.c.h; path = MCRestResourceProvider.h; sourceTree = "<group>"; };
		251133A613CDA6AC008D332D /* MCRestResourceProvider.m */ = {isa = PBXFileReference; fileEncoding = 4; lastKnownFileType = sourcecode.c.objc; path = MCRestResourceProvider.m; sourceTree = "<group>"; };
		251133A713CDA6AC008D332D /* MCRootResources.h */ = {isa = PBXFileReference; fileEncoding = 4; lastKnownFileType = sourcecode.c.h; path = MCRootResources.h; sourceTree = "<group>"; };
		251133A813CDA6AC008D332D /* MCRootResources.m */ = {isa = PBXFileReference; fileEncoding = 4; lastKnownFileType = sourcecode.c.objc; path = MCRootResources.m; sourceTree = "<group>"; };
		251133A913CDA6AC008D332D /* MCUser.h */ = {isa = PBXFileReference; fileEncoding = 4; lastKnownFileType = sourcecode.c.h; path = MCUser.h; sourceTree = "<group>"; };
		251133AA13CDA6AC008D332D /* MCUser.m */ = {isa = PBXFileReference; fileEncoding = 4; lastKnownFileType = sourcecode.c.objc; path = MCUser.m; sourceTree = "<group>"; };
		251133AB13CDA6AC008D332D /* MCUsers.h */ = {isa = PBXFileReference; fileEncoding = 4; lastKnownFileType = sourcecode.c.h; path = MCUsers.h; sourceTree = "<group>"; };
		251133AC13CDA6AC008D332D /* MCUsers.m */ = {isa = PBXFileReference; fileEncoding = 4; lastKnownFileType = sourcecode.c.objc; path = MCUsers.m; sourceTree = "<group>"; };
		251133AD13CDA6AC008D332D /* MCWebServer.h */ = {isa = PBXFileReference; fileEncoding = 4; lastKnownFileType = sourcecode.c.h; path = MCWebServer.h; sourceTree = "<group>"; };
		251133AE13CDA6AC008D332D /* MCWebServer.m */ = {isa = PBXFileReference; fileEncoding = 4; lastKnownFileType = sourcecode.c.objc; path = MCWebServer.m; sourceTree = "<group>"; };
		251133B013CDA6AC008D332D /* MCChatController.h */ = {isa = PBXFileReference; fileEncoding = 4; lastKnownFileType = sourcecode.c.h; path = MCChatController.h; sourceTree = "<group>"; };
		251133B113CDA6AC008D332D /* MCChatController.m */ = {isa = PBXFileReference; fileEncoding = 4; lastKnownFileType = sourcecode.c.objc; path = MCChatController.m; sourceTree = "<group>"; };
		251133B213CDA6AC008D332D /* MCChatController.xib */ = {isa = PBXFileReference; fileEncoding = 4; lastKnownFileType = file.xib; path = MCChatController.xib; sourceTree = "<group>"; };
		251133B313CDA6AC008D332D /* MCRestBrowserController.h */ = {isa = PBXFileReference; fileEncoding = 4; lastKnownFileType = sourcecode.c.h; path = MCRestBrowserController.h; sourceTree = "<group>"; };
		251133B413CDA6AC008D332D /* MCRestBrowserController.m */ = {isa = PBXFileReference; fileEncoding = 4; lastKnownFileType = sourcecode.c.objc; path = MCRestBrowserController.m; sourceTree = "<group>"; };
		251133B513CDA6AC008D332D /* MCRestBrowserController.xib */ = {isa = PBXFileReference; fileEncoding = 4; lastKnownFileType = file.xib; path = MCRestBrowserController.xib; sourceTree = "<group>"; };
		251133B613CDA6AC008D332D /* MCServiceCell.xib */ = {isa = PBXFileReference; fileEncoding = 4; lastKnownFileType = file.xib; path = MCServiceCell.xib; sourceTree = "<group>"; };
		251133B713CDA6AC008D332D /* MCServiceDetailsController.h */ = {isa = PBXFileReference; fileEncoding = 4; lastKnownFileType = sourcecode.c.h; path = MCServiceDetailsController.h; sourceTree = "<group>"; };
		251133B813CDA6AC008D332D /* MCServiceDetailsController.m */ = {isa = PBXFileReference; fileEncoding = 4; lastKnownFileType = sourcecode.c.objc; path = MCServiceDetailsController.m; sourceTree = "<group>"; };
		251133B913CDA6AC008D332D /* MCServiceDetailsController.xib */ = {isa = PBXFileReference; fileEncoding = 4; lastKnownFileType = file.xib; path = MCServiceDetailsController.xib; sourceTree = "<group>"; };
		251133BA13CDA6AC008D332D /* MCServiceListController.h */ = {isa = PBXFileReference; fileEncoding = 4; lastKnownFileType = sourcecode.c.h; path = MCServiceListController.h; sourceTree = "<group>"; };
		251133BB13CDA6AC008D332D /* MCServiceListController.m */ = {isa = PBXFileReference; fileEncoding = 4; lastKnownFileType = sourcecode.c.objc; path = MCServiceListController.m; sourceTree = "<group>"; };
		251133BC13CDA6AC008D332D /* MCServiceListController.xib */ = {isa = PBXFileReference; fileEncoding = 4; lastKnownFileType = file.xib; path = MCServiceListController.xib; sourceTree = "<group>"; };
		251CACB013D02C6C0056285B /* tray_mail.png */ = {isa = PBXFileReference; lastKnownFileType = image.png; path = tray_mail.png; sourceTree = "<group>"; };
		251CACB113D02C6C0056285B /* tray_mail@2x.png */ = {isa = PBXFileReference; lastKnownFileType = image.png; path = "tray_mail@2x.png"; sourceTree = "<group>"; };
		251DE34E13C5973000B593A4 /* MCDataStore.h */ = {isa = PBXFileReference; fileEncoding = 4; lastKnownFileType = sourcecode.c.h; path = MCDataStore.h; sourceTree = "<group>"; };
		251DE34F13C5973000B593A4 /* MCDataStore.m */ = {isa = PBXFileReference; fileEncoding = 4; lastKnownFileType = sourcecode.c.objc; path = MCDataStore.m; sourceTree = "<group>"; };
		2527C53213BC6C2A0038F2DE /* MCServiceBrowser.h */ = {isa = PBXFileReference; fileEncoding = 4; lastKnownFileType = sourcecode.c.h; path = MCServiceBrowser.h; sourceTree = "<group>"; };
		2527C53313BC6C2A0038F2DE /* MCServiceBrowser.m */ = {isa = PBXFileReference; fileEncoding = 4; lastKnownFileType = sourcecode.c.objc; path = MCServiceBrowser.m; sourceTree = "<group>"; };
		2554A19F13A25EB20086E87A /* CFNetwork.framework */ = {isa = PBXFileReference; lastKnownFileType = wrapper.framework; name = CFNetwork.framework; path = System/Library/Frameworks/CFNetwork.framework; sourceTree = SDKROOT; };
		2554A1B213A263050086E87A /* comment.png */ = {isa = PBXFileReference; lastKnownFileType = image.png; path = comment.png; sourceTree = "<group>"; };
		2554A1B313A263050086E87A /* comment@2x.png */ = {isa = PBXFileReference; lastKnownFileType = image.png; path = "comment@2x.png"; sourceTree = "<group>"; };
		2554A1B413A263050086E87A /* magnifier.png */ = {isa = PBXFileReference; lastKnownFileType = image.png; path = magnifier.png; sourceTree = "<group>"; };
		2554A1B513A263050086E87A /* magnifier@2x.png */ = {isa = PBXFileReference; lastKnownFileType = image.png; path = "magnifier@2x.png"; sourceTree = "<group>"; };
		2554A1EE13A26B6C0086E87A /* reload.png */ = {isa = PBXFileReference; lastKnownFileType = image.png; path = reload.png; sourceTree = "<group>"; };
		2554A1EF13A26B6C0086E87A /* reload@2x.png */ = {isa = PBXFileReference; lastKnownFileType = image.png; path = "reload@2x.png"; sourceTree = "<group>"; };
		25627FB513B1F13100D2E9D2 /* MCUserTests.m */ = {isa = PBXFileReference; fileEncoding = 4; lastKnownFileType = sourcecode.c.objc; path = MCUserTests.m; sourceTree = "<group>"; };
		2591B09B13AB5C35009594DB /* CocoaHTTPServer.xcodeproj */ = {isa = PBXFileReference; lastKnownFileType = "wrapper.pb-project"; name = CocoaHTTPServer.xcodeproj; path = ../CocoaHTTPServer/CocoaHTTPServer.xcodeproj; sourceTree = "<group>"; };
		2591B0A513AB5C8A009594DB /* libCocoaHTTPServer.a */ = {isa = PBXFileReference; explicitFileType = archive.ar; path = libCocoaHTTPServer.a; sourceTree = SOURCE_ROOT; };
		2591B0AF13AB5E74009594DB /* Web */ = {isa = PBXFileReference; lastKnownFileType = folder; path = Web; sourceTree = SOURCE_ROOT; };
		2591B0BD13AB68BE009594DB /* libxml2.dylib */ = {isa = PBXFileReference; lastKnownFileType = "compiled.mach-o.dylib"; name = libxml2.dylib; path = usr/lib/libxml2.dylib; sourceTree = SDKROOT; };
		2591B0BF13AB68D7009594DB /* libz.dylib */ = {isa = PBXFileReference; lastKnownFileType = "compiled.mach-o.dylib"; name = libz.dylib; path = usr/lib/libz.dylib; sourceTree = SDKROOT; };
		2591B0E213AB692F009594DB /* MobileCoreServices.framework */ = {isa = PBXFileReference; lastKnownFileType = wrapper.framework; name = MobileCoreServices.framework; path = System/Library/Frameworks/MobileCoreServices.framework; sourceTree = SDKROOT; };
		2591B0E413AB6987009594DB /* SystemConfiguration.framework */ = {isa = PBXFileReference; lastKnownFileType = wrapper.framework; name = SystemConfiguration.framework; path = System/Library/Frameworks/SystemConfiguration.framework; sourceTree = SDKROOT; };
		2591B0F713AB72A5009594DB /* HTTPAsyncFileResponse.h */ = {isa = PBXFileReference; fileEncoding = 4; lastKnownFileType = sourcecode.c.h; name = HTTPAsyncFileResponse.h; path = CocoaHTTPServer/Core/Responses/HTTPAsyncFileResponse.h; sourceTree = "<group>"; };
		2591B0F813AB72A5009594DB /* HTTPDataResponse.h */ = {isa = PBXFileReference; fileEncoding = 4; lastKnownFileType = sourcecode.c.h; name = HTTPDataResponse.h; path = CocoaHTTPServer/Core/Responses/HTTPDataResponse.h; sourceTree = "<group>"; };
		2591B0F913AB72A5009594DB /* HTTPDynamicFileResponse.h */ = {isa = PBXFileReference; fileEncoding = 4; lastKnownFileType = sourcecode.c.h; name = HTTPDynamicFileResponse.h; path = CocoaHTTPServer/Core/Responses/HTTPDynamicFileResponse.h; sourceTree = "<group>"; };
		2591B0FA13AB72A5009594DB /* HTTPFileResponse.h */ = {isa = PBXFileReference; fileEncoding = 4; lastKnownFileType = sourcecode.c.h; name = HTTPFileResponse.h; path = CocoaHTTPServer/Core/Responses/HTTPFileResponse.h; sourceTree = "<group>"; };
		2591B0FB13AB72A5009594DB /* HTTPRedirectResponse.h */ = {isa = PBXFileReference; fileEncoding = 4; lastKnownFileType = sourcecode.c.h; name = HTTPRedirectResponse.h; path = CocoaHTTPServer/Core/Responses/HTTPRedirectResponse.h; sourceTree = "<group>"; };
		2591B0FC13AB72A5009594DB /* HTTPAuthenticationRequest.h */ = {isa = PBXFileReference; fileEncoding = 4; lastKnownFileType = sourcecode.c.h; name = HTTPAuthenticationRequest.h; path = CocoaHTTPServer/Core/HTTPAuthenticationRequest.h; sourceTree = "<group>"; };
		2591B0FD13AB72A5009594DB /* HTTPConnection.h */ = {isa = PBXFileReference; fileEncoding = 4; lastKnownFileType = sourcecode.c.h; name = HTTPConnection.h; path = CocoaHTTPServer/Core/HTTPConnection.h; sourceTree = "<group>"; };
		2591B0FE13AB72A5009594DB /* HTTPLogging.h */ = {isa = PBXFileReference; fileEncoding = 4; lastKnownFileType = sourcecode.c.h; name = HTTPLogging.h; path = CocoaHTTPServer/Core/HTTPLogging.h; sourceTree = "<group>"; };
		2591B0FF13AB72A5009594DB /* HTTPMessage.h */ = {isa = PBXFileReference; fileEncoding = 4; lastKnownFileType = sourcecode.c.h; name = HTTPMessage.h; path = CocoaHTTPServer/Core/HTTPMessage.h; sourceTree = "<group>"; };
		2591B10013AB72A5009594DB /* HTTPResponse.h */ = {isa = PBXFileReference; fileEncoding = 4; lastKnownFileType = sourcecode.c.h; name = HTTPResponse.h; path = CocoaHTTPServer/Core/HTTPResponse.h; sourceTree = "<group>"; };
		2591B10113AB72A5009594DB /* HTTPServer.h */ = {isa = PBXFileReference; fileEncoding = 4; lastKnownFileType = sourcecode.c.h; name = HTTPServer.h; path = CocoaHTTPServer/Core/HTTPServer.h; sourceTree = "<group>"; };
		2591B10213AB72A5009594DB /* WebSocket.h */ = {isa = PBXFileReference; fileEncoding = 4; lastKnownFileType = sourcecode.c.h; name = WebSocket.h; path = CocoaHTTPServer/Core/WebSocket.h; sourceTree = "<group>"; };
		25A7F75B13A0E8CF00F4BD57 /* Serwus.app */ = {isa = PBXFileReference; explicitFileType = wrapper.application; includeInIndex = 0; path = Serwus.app; sourceTree = BUILT_PRODUCTS_DIR; };
		25A7F75F13A0E8CF00F4BD57 /* UIKit.framework */ = {isa = PBXFileReference; lastKnownFileType = wrapper.framework; name = UIKit.framework; path = System/Library/Frameworks/UIKit.framework; sourceTree = SDKROOT; };
		25A7F76113A0E8CF00F4BD57 /* Foundation.framework */ = {isa = PBXFileReference; lastKnownFileType = wrapper.framework; name = Foundation.framework; path = System/Library/Frameworks/Foundation.framework; sourceTree = SDKROOT; };
		25A7F76313A0E8CF00F4BD57 /* CoreGraphics.framework */ = {isa = PBXFileReference; lastKnownFileType = wrapper.framework; name = CoreGraphics.framework; path = System/Library/Frameworks/CoreGraphics.framework; sourceTree = SDKROOT; };
		25A7F76713A0E8CF00F4BD57 /* Serwus-Info.plist */ = {isa = PBXFileReference; lastKnownFileType = text.plist.xml; path = "Serwus-Info.plist"; sourceTree = "<group>"; };
		25A7F76913A0E8CF00F4BD57 /* en */ = {isa = PBXFileReference; lastKnownFileType = text.plist.strings; name = en; path = en.lproj/InfoPlist.strings; sourceTree = "<group>"; };
		25A7F76B13A0E8CF00F4BD57 /* Serwus-Prefix.pch */ = {isa = PBXFileReference; lastKnownFileType = sourcecode.c.h; path = "Serwus-Prefix.pch"; sourceTree = "<group>"; };
		25A7F76C13A0E8CF00F4BD57 /* main.m */ = {isa = PBXFileReference; lastKnownFileType = sourcecode.c.objc; path = main.m; sourceTree = "<group>"; };
		25A7F76E13A0E8CF00F4BD57 /* SerwusAppDelegate.h */ = {isa = PBXFileReference; lastKnownFileType = sourcecode.c.h; path = SerwusAppDelegate.h; sourceTree = "<group>"; };
		25A7F76F13A0E8CF00F4BD57 /* SerwusAppDelegate.m */ = {isa = PBXFileReference; lastKnownFileType = sourcecode.c.objc; path = SerwusAppDelegate.m; sourceTree = "<group>"; };
		25A7F77213A0E8CF00F4BD57 /* en */ = {isa = PBXFileReference; lastKnownFileType = file.xib; name = en; path = en.lproj/MainWindow.xib; sourceTree = "<group>"; };
		25A7F77913A0E8D000F4BD57 /* SerwusTests.octest */ = {isa = PBXFileReference; explicitFileType = wrapper.cfbundle; includeInIndex = 0; path = SerwusTests.octest; sourceTree = BUILT_PRODUCTS_DIR; };
		25A7F78113A0E8D000F4BD57 /* SerwusTests-Info.plist */ = {isa = PBXFileReference; lastKnownFileType = text.plist.xml; path = "SerwusTests-Info.plist"; sourceTree = "<group>"; };
		25A7F78313A0E8D000F4BD57 /* en */ = {isa = PBXFileReference; lastKnownFileType = text.plist.strings; name = en; path = en.lproj/InfoPlist.strings; sourceTree = "<group>"; };
		25A7F78513A0E8D000F4BD57 /* SerwusTests-Prefix.pch */ = {isa = PBXFileReference; lastKnownFileType = sourcecode.c.h; path = "SerwusTests-Prefix.pch"; sourceTree = "<group>"; };
		25A7F78613A0E8D000F4BD57 /* SerwusTests.h */ = {isa = PBXFileReference; lastKnownFileType = sourcecode.c.h; path = SerwusTests.h; sourceTree = "<group>"; };
		25A7F78813A0E8D000F4BD57 /* SerwusTests.m */ = {isa = PBXFileReference; lastKnownFileType = sourcecode.c.objc; path = SerwusTests.m; sourceTree = "<group>"; };
		25A7F79713A0FB7100F4BD57 /* DebugLog.m */ = {isa = PBXFileReference; fileEncoding = 4; lastKnownFileType = sourcecode.c.objc; path = DebugLog.m; sourceTree = "<group>"; };
		25C2A3E613D05697001DEB0C /* MCMessageBrokerDelegate.h */ = {isa = PBXFileReference; fileEncoding = 4; lastKnownFileType = sourcecode.c.h; path = MCMessageBrokerDelegate.h; sourceTree = "<group>"; };
		25C2A3E713D0642E001DEB0C /* MCChatClientListController.h */ = {isa = PBXFileReference; fileEncoding = 4; lastKnownFileType = sourcecode.c.h; path = MCChatClientListController.h; sourceTree = "<group>"; };
		25C2A3E813D0642E001DEB0C /* MCChatClientListController.m */ = {isa = PBXFileReference; fileEncoding = 4; lastKnownFileType = sourcecode.c.objc; path = MCChatClientListController.m; sourceTree = "<group>"; };
		25C2A3E913D0642E001DEB0C /* MCChatClientListController.xib */ = {isa = PBXFileReference; fileEncoding = 4; lastKnownFileType = file.xib; path = MCChatClientListController.xib; sourceTree = "<group>"; };
		25C2A3F413D071E2001DEB0C /* man.png */ = {isa = PBXFileReference; lastKnownFileType = image.png; path = man.png; sourceTree = "<group>"; };
		25C2A3F513D071E2001DEB0C /* man@2x.png */ = {isa = PBXFileReference; lastKnownFileType = image.png; path = "man@2x.png"; sourceTree = "<group>"; };
		25C2A3FA13D08183001DEB0C /* ASIAuthenticationDialog.h */ = {isa = PBXFileReference; fileEncoding = 4; lastKnownFileType = sourcecode.c.h; path = ASIAuthenticationDialog.h; sourceTree = "<group>"; };
		25C2A3FB13D08183001DEB0C /* ASIAuthenticationDialog.m */ = {isa = PBXFileReference; fileEncoding = 4; lastKnownFileType = sourcecode.c.objc; path = ASIAuthenticationDialog.m; sourceTree = "<group>"; };
		25C2A3FC13D08183001DEB0C /* ASICacheDelegate.h */ = {isa = PBXFileReference; fileEncoding = 4; lastKnownFileType = sourcecode.c.h; path = ASICacheDelegate.h; sourceTree = "<group>"; };
		25C2A3FD13D08183001DEB0C /* ASIDataCompressor.h */ = {isa = PBXFileReference; fileEncoding = 4; lastKnownFileType = sourcecode.c.h; path = ASIDataCompressor.h; sourceTree = "<group>"; };
		25C2A3FE13D08183001DEB0C /* ASIDataCompressor.m */ = {isa = PBXFileReference; fileEncoding = 4; lastKnownFileType = sourcecode.c.objc; path = ASIDataCompressor.m; sourceTree = "<group>"; };
		25C2A3FF13D08183001DEB0C /* ASIDataDecompressor.h */ = {isa = PBXFileReference; fileEncoding = 4; lastKnownFileType = sourcecode.c.h; path = ASIDataDecompressor.h; sourceTree = "<group>"; };
		25C2A40013D08183001DEB0C /* ASIDataDecompressor.m */ = {isa = PBXFileReference; fileEncoding = 4; lastKnownFileType = sourcecode.c.objc; path = ASIDataDecompressor.m; sourceTree = "<group>"; };
		25C2A40113D08183001DEB0C /* ASIDownloadCache.h */ = {isa = PBXFileReference; fileEncoding = 4; lastKnownFileType = sourcecode.c.h; path = ASIDownloadCache.h; sourceTree = "<group>"; };
		25C2A40213D08183001DEB0C /* ASIDownloadCache.m */ = {isa = PBXFileReference; fileEncoding = 4; lastKnownFileType = sourcecode.c.objc; path = ASIDownloadCache.m; sourceTree = "<group>"; };
		25C2A40313D08183001DEB0C /* ASIFormDataRequest.h */ = {isa = PBXFileReference; fileEncoding = 4; lastKnownFileType = sourcecode.c.h; path = ASIFormDataRequest.h; sourceTree = "<group>"; };
		25C2A40413D08183001DEB0C /* ASIFormDataRequest.m */ = {isa = PBXFileReference; fileEncoding = 4; lastKnownFileType = sourcecode.c.objc; path = ASIFormDataRequest.m; sourceTree = "<group>"; };
		25C2A40513D08183001DEB0C /* ASIHTTPRequest.h */ = {isa = PBXFileReference; fileEncoding = 4; lastKnownFileType = sourcecode.c.h; path = ASIHTTPRequest.h; sourceTree = "<group>"; };
		25C2A40613D08183001DEB0C /* ASIHTTPRequest.m */ = {isa = PBXFileReference; fileEncoding = 4; lastKnownFileType = sourcecode.c.objc; path = ASIHTTPRequest.m; sourceTree = "<group>"; };
		25C2A40713D08183001DEB0C /* ASIHTTPRequestConfig.h */ = {isa = PBXFileReference; fileEncoding = 4; lastKnownFileType = sourcecode.c.h; path = ASIHTTPRequestConfig.h; sourceTree = "<group>"; };
		25C2A40813D08183001DEB0C /* ASIHTTPRequestDelegate.h */ = {isa = PBXFileReference; fileEncoding = 4; lastKnownFileType = sourcecode.c.h; path = ASIHTTPRequestDelegate.h; sourceTree = "<group>"; };
		25C2A40913D08183001DEB0C /* ASIInputStream.h */ = {isa = PBXFileReference; fileEncoding = 4; lastKnownFileType = sourcecode.c.h; path = ASIInputStream.h; sourceTree = "<group>"; };
		25C2A40A13D08183001DEB0C /* ASIInputStream.m */ = {isa = PBXFileReference; fileEncoding = 4; lastKnownFileType = sourcecode.c.objc; path = ASIInputStream.m; sourceTree = "<group>"; };
		25C2A40B13D08183001DEB0C /* ASINetworkQueue.h */ = {isa = PBXFileReference; fileEncoding = 4; lastKnownFileType = sourcecode.c.h; path = ASINetworkQueue.h; sourceTree = "<group>"; };
		25C2A40C13D08183001DEB0C /* ASINetworkQueue.m */ = {isa = PBXFileReference; fileEncoding = 4; lastKnownFileType = sourcecode.c.objc; path = ASINetworkQueue.m; sourceTree = "<group>"; };
		25C2A40D13D08183001DEB0C /* ASIProgressDelegate.h */ = {isa = PBXFileReference; fileEncoding = 4; lastKnownFileType = sourcecode.c.h; path = ASIProgressDelegate.h; sourceTree = "<group>"; };
		25C2A40E13D08183001DEB0C /* AsyncSocket.h */ = {isa = PBXFileReference; fileEncoding = 4; lastKnownFileType = sourcecode.c.h; path = AsyncSocket.h; sourceTree = "<group>"; };
		25C2A40F13D08183001DEB0C /* AsyncSocket.m */ = {isa = PBXFileReference; fileEncoding = 4; lastKnownFileType = sourcecode.c.objc; path = AsyncSocket.m; sourceTree = "<group>"; };
		25C2A41113D08183001DEB0C /* JSON.h */ = {isa = PBXFileReference; fileEncoding = 4; lastKnownFileType = sourcecode.c.h; path = JSON.h; sourceTree = "<group>"; };
		25C2A41213D08183001DEB0C /* NSObject+SBJson.h */ = {isa = PBXFileReference; fileEncoding = 4; lastKnownFileType = sourcecode.c.h; path = "NSObject+SBJson.h"; sourceTree = "<group>"; };
		25C2A41313D08183001DEB0C /* NSObject+SBJson.m */ = {isa = PBXFileReference; fileEncoding = 4; lastKnownFileType = sourcecode.c.objc; path = "NSObject+SBJson.m"; sourceTree = "<group>"; };
		25C2A41413D08183001DEB0C /* SBJson.h */ = {isa = PBXFileReference; fileEncoding = 4; lastKnownFileType = sourcecode.c.h; path = SBJson.h; sourceTree = "<group>"; };
		25C2A41513D08183001DEB0C /* SBJsonParser.h */ = {isa = PBXFileReference; fileEncoding = 4; lastKnownFileType = sourcecode.c.h; path = SBJsonParser.h; sourceTree = "<group>"; };
		25C2A41613D08183001DEB0C /* SBJsonParser.m */ = {isa = PBXFileReference; fileEncoding = 4; lastKnownFileType = sourcecode.c.objc; path = SBJsonParser.m; sourceTree = "<group>"; };
		25C2A41713D08183001DEB0C /* SBJsonStreamParser.h */ = {isa = PBXFileReference; fileEncoding = 4; lastKnownFileType = sourcecode.c.h; path = SBJsonStreamParser.h; sourceTree = "<group>"; };
		25C2A41813D08183001DEB0C /* SBJsonStreamParser.m */ = {isa = PBXFileReference; fileEncoding = 4; lastKnownFileType = sourcecode.c.objc; path = SBJsonStreamParser.m; sourceTree = "<group>"; };
		25C2A41913D08183001DEB0C /* SBJsonStreamParserAccumulator.h */ = {isa = PBXFileReference; fileEncoding = 4; lastKnownFileType = sourcecode.c.h; path = SBJsonStreamParserAccumulator.h; sourceTree = "<group>"; };
		25C2A41A13D08183001DEB0C /* SBJsonStreamParserAccumulator.m */ = {isa = PBXFileReference; fileEncoding = 4; lastKnownFileType = sourcecode.c.objc; path = SBJsonStreamParserAccumulator.m; sourceTree = "<group>"; };
		25C2A41B13D08183001DEB0C /* SBJsonStreamParserAdapter.h */ = {isa = PBXFileReference; fileEncoding = 4; lastKnownFileType = sourcecode.c.h; path = SBJsonStreamParserAdapter.h; sourceTree = "<group>"; };
		25C2A41C13D08183001DEB0C /* SBJsonStreamParserAdapter.m */ = {isa = PBXFileReference; fileEncoding = 4; lastKnownFileType = sourcecode.c.objc; path = SBJsonStreamParserAdapter.m; sourceTree = "<group>"; };
		25C2A41D13D08183001DEB0C /* SBJsonStreamParserState.h */ = {isa = PBXFileReference; fileEncoding = 4; lastKnownFileType = sourcecode.c.h; path = SBJsonStreamParserState.h; sourceTree = "<group>"; };
		25C2A41E13D08183001DEB0C /* SBJsonStreamParserState.m */ = {isa = PBXFileReference; fileEncoding = 4; lastKnownFileType = sourcecode.c.objc; path = SBJsonStreamParserState.m; sourceTree = "<group>"; };
		25C2A41F13D08183001DEB0C /* SBJsonStreamWriter.h */ = {isa = PBXFileReference; fileEncoding = 4; lastKnownFileType = sourcecode.c.h; path = SBJsonStreamWriter.h; sourceTree = "<group>"; };
		25C2A42013D08183001DEB0C /* SBJsonStreamWriter.m */ = {isa = PBXFileReference; fileEncoding = 4; lastKnownFileType = sourcecode.c.objc; path = SBJsonStreamWriter.m; sourceTree = "<group>"; };
		25C2A42113D08183001DEB0C /* SBJsonStreamWriterAccumulator.h */ = {isa = PBXFileReference; fileEncoding = 4; lastKnownFileType = sourcecode.c.h; path = SBJsonStreamWriterAccumulator.h; sourceTree = "<group>"; };
		25C2A42213D08183001DEB0C /* SBJsonStreamWriterAccumulator.m */ = {isa = PBXFileReference; fileEncoding = 4; lastKnownFileType = sourcecode.c.objc; path = SBJsonStreamWriterAccumulator.m; sourceTree = "<group>"; };
		25C2A42313D08183001DEB0C /* SBJsonStreamWriterState.h */ = {isa = PBXFileReference; fileEncoding = 4; lastKnownFileType = sourcecode.c.h; path = SBJsonStreamWriterState.h; sourceTree = "<group>"; };
		25C2A42413D08183001DEB0C /* SBJsonStreamWriterState.m */ = {isa = PBXFileReference; fileEncoding = 4; lastKnownFileType = sourcecode.c.objc; path = SBJsonStreamWriterState.m; sourceTree = "<group>"; };
		25C2A42513D08183001DEB0C /* SBJsonTokeniser.h */ = {isa = PBXFileReference; fileEncoding = 4; lastKnownFileType = sourcecode.c.h; path = SBJsonTokeniser.h; sourceTree = "<group>"; };
		25C2A42613D08183001DEB0C /* SBJsonTokeniser.m */ = {isa = PBXFileReference; fileEncoding = 4; lastKnownFileType = sourcecode.c.objc; path = SBJsonTokeniser.m; sourceTree = "<group>"; };
		25C2A42713D08183001DEB0C /* SBJsonUTF8Stream.h */ = {isa = PBXFileReference; fileEncoding = 4; lastKnownFileType = sourcecode.c.h; path = SBJsonUTF8Stream.h; sourceTree = "<group>"; };
		25C2A42813D08183001DEB0C /* SBJsonUTF8Stream.m */ = {isa = PBXFileReference; fileEncoding = 4; lastKnownFileType = sourcecode.c.objc; path = SBJsonUTF8Stream.m; sourceTree = "<group>"; };
		25C2A42913D08183001DEB0C /* SBJsonWriter.h */ = {isa = PBXFileReference; fileEncoding = 4; lastKnownFileType = sourcecode.c.h; path = SBJsonWriter.h; sourceTree = "<group>"; };
		25C2A42A13D08183001DEB0C /* SBJsonWriter.m */ = {isa = PBXFileReference; fileEncoding = 4; lastKnownFileType = sourcecode.c.objc; path = SBJsonWriter.m; sourceTree = "<group>"; };
		25C2A42C13D08183001DEB0C /* Reachability.h */ = {isa = PBXFileReference; fileEncoding = 4; lastKnownFileType = sourcecode.c.h; path = Reachability.h; sourceTree = "<group>"; };
		25C2A42D13D08183001DEB0C /* Reachability.m */ = {isa = PBXFileReference; fileEncoding = 4; lastKnownFileType = sourcecode.c.objc; path = Reachability.m; sourceTree = "<group>"; };
		25CE357013C458AE006F7459 /* CoreData.framework */ = {isa = PBXFileReference; lastKnownFileType = wrapper.framework; name = CoreData.framework; path = System/Library/Frameworks/CoreData.framework; sourceTree = SDKROOT; };
		25F7174613CDC10500F4E1D4 /* MCChatClientsManager.h */ = {isa = PBXFileReference; fileEncoding = 4; lastKnownFileType = sourcecode.c.h; path = MCChatClientsManager.h; sourceTree = "<group>"; };
		25F7174713CDC10500F4E1D4 /* MCChatClientsManager.m */ = {isa = PBXFileReference; fileEncoding = 4; lastKnownFileType = sourcecode.c.objc; path = MCChatClientsManager.m; sourceTree = "<group>"; };
		25F7174913CDC44700F4E1D4 /* MCChatServer.h */ = {isa = PBXFileReference; fileEncoding = 4; lastKnownFileType = sourcecode.c.h; path = MCChatServer.h; sourceTree = "<group>"; };
		25F7174A13CDC44700F4E1D4 /* MCChatServer.m */ = {isa = PBXFileReference; fileEncoding = 4; lastKnownFileType = sourcecode.c.objc; path = MCChatServer.m; sourceTree = "<group>"; };
/* End PBXFileReference section */

/* Begin PBXFrameworksBuildPhase section */
		25A7F75813A0E8CF00F4BD57 /* Frameworks */ = {
			isa = PBXFrameworksBuildPhase;
			buildActionMask = 2147483647;
			files = (
				25CE357113C458AE006F7459 /* CoreData.framework in Frameworks */,
				2591B0E513AB6987009594DB /* SystemConfiguration.framework in Frameworks */,
				2591B0E313AB6930009594DB /* MobileCoreServices.framework in Frameworks */,
				2591B0C013AB68D7009594DB /* libz.dylib in Frameworks */,
				2591B0BE13AB68BE009594DB /* libxml2.dylib in Frameworks */,
				2591B0A613AB5C8A009594DB /* libCocoaHTTPServer.a in Frameworks */,
				2554A1A013A25EB20086E87A /* CFNetwork.framework in Frameworks */,
				25A7F76013A0E8CF00F4BD57 /* UIKit.framework in Frameworks */,
				25A7F76213A0E8CF00F4BD57 /* Foundation.framework in Frameworks */,
				25A7F76413A0E8CF00F4BD57 /* CoreGraphics.framework in Frameworks */,
			);
			runOnlyForDeploymentPostprocessing = 0;
		};
		25A7F77513A0E8D000F4BD57 /* Frameworks */ = {
			isa = PBXFrameworksBuildPhase;
			buildActionMask = 2147483647;
			files = (
				25A7F77A13A0E8D000F4BD57 /* UIKit.framework in Frameworks */,
				25A7F77B13A0E8D000F4BD57 /* Foundation.framework in Frameworks */,
				25A7F77C13A0E8D000F4BD57 /* CoreGraphics.framework in Frameworks */,
			);
			runOnlyForDeploymentPostprocessing = 0;
		};
/* End PBXFrameworksBuildPhase section */

/* Begin PBXGroup section */
		2511335C13CDA6AC008D332D /* Chat */ = {
			isa = PBXGroup;
			children = (
				2511335D13CDA6AC008D332D /* MCChatClient.h */,
				2511335E13CDA6AC008D332D /* MCChatClient.m */,
				25F7174913CDC44700F4E1D4 /* MCChatServer.h */,
				25F7174A13CDC44700F4E1D4 /* MCChatServer.m */,
				2511336113CDA6AC008D332D /* MCMessage.h */,
				2511336213CDA6AC008D332D /* MCMessage.m */,
				2511336313CDA6AC008D332D /* MCMessageBroker.h */,
				2511336413CDA6AC008D332D /* MCMessageBroker.m */,
				25C2A3E613D05697001DEB0C /* MCMessageBrokerDelegate.h */,
			);
			path = Chat;
			sourceTree = "<group>";
		};
		2511339B13CDA6AC008D332D /* REST */ = {
			isa = PBXGroup;
			children = (
				2511339C13CDA6AC008D332D /* MCChatRoom.h */,
				2511339D13CDA6AC008D332D /* MCChatRoom.m */,
				2511339E13CDA6AC008D332D /* MCChatRooms.h */,
				2511339F13CDA6AC008D332D /* MCChatRooms.m */,
				251133A213CDA6AC008D332D /* MCRestConnectionHandler.h */,
				251133A313CDA6AC008D332D /* MCRestConnectionHandler.m */,
				251133A413CDA6AC008D332D /* MCRestResource.h */,
				251133A513CDA6AC008D332D /* MCRestResourceProvider.h */,
				251133A613CDA6AC008D332D /* MCRestResourceProvider.m */,
				251133A713CDA6AC008D332D /* MCRootResources.h */,
				251133A813CDA6AC008D332D /* MCRootResources.m */,
				251133A913CDA6AC008D332D /* MCUser.h */,
				251133AA13CDA6AC008D332D /* MCUser.m */,
				251133AB13CDA6AC008D332D /* MCUsers.h */,
				251133AC13CDA6AC008D332D /* MCUsers.m */,
				251133AD13CDA6AC008D332D /* MCWebServer.h */,
				251133AE13CDA6AC008D332D /* MCWebServer.m */,
			);
			path = REST;
			sourceTree = "<group>";
		};
		251133AF13CDA6AC008D332D /* UI */ = {
			isa = PBXGroup;
			children = (
				251133B013CDA6AC008D332D /* MCChatController.h */,
				251133B113CDA6AC008D332D /* MCChatController.m */,
				251133B213CDA6AC008D332D /* MCChatController.xib */,
				251133B313CDA6AC008D332D /* MCRestBrowserController.h */,
				251133B413CDA6AC008D332D /* MCRestBrowserController.m */,
				251133B513CDA6AC008D332D /* MCRestBrowserController.xib */,
				251133B613CDA6AC008D332D /* MCServiceCell.xib */,
				251133B713CDA6AC008D332D /* MCServiceDetailsController.h */,
				251133B813CDA6AC008D332D /* MCServiceDetailsController.m */,
				251133B913CDA6AC008D332D /* MCServiceDetailsController.xib */,
				251133BA13CDA6AC008D332D /* MCServiceListController.h */,
				251133BB13CDA6AC008D332D /* MCServiceListController.m */,
				251133BC13CDA6AC008D332D /* MCServiceListController.xib */,
				25C2A3E713D0642E001DEB0C /* MCChatClientListController.h */,
				25C2A3E813D0642E001DEB0C /* MCChatClientListController.m */,
				25C2A3E913D0642E001DEB0C /* MCChatClientListController.xib */,
			);
			path = UI;
			sourceTree = "<group>";
		};
		2554A1B113A263050086E87A /* Images */ = {
			isa = PBXGroup;
			children = (
				25C2A3F413D071E2001DEB0C /* man.png */,
				25C2A3F513D071E2001DEB0C /* man@2x.png */,
				251CACB013D02C6C0056285B /* tray_mail.png */,
				251CACB113D02C6C0056285B /* tray_mail@2x.png */,
				2554A1EE13A26B6C0086E87A /* reload.png */,
				2554A1EF13A26B6C0086E87A /* reload@2x.png */,
				2554A1B213A263050086E87A /* comment.png */,
				2554A1B313A263050086E87A /* comment@2x.png */,
				2554A1B413A263050086E87A /* magnifier.png */,
				2554A1B513A263050086E87A /* magnifier@2x.png */,
			);
			path = Images;
			sourceTree = "<group>";
		};
		2591B09C13AB5C35009594DB /* Products */ = {
			isa = PBXGroup;
			children = (
				2591B0A313AB5C35009594DB /* libCocoaHTTPServer.a */,
			);
			name = Products;
			sourceTree = "<group>";
		};
		2591B0F613AB72A5009594DB /* CocoaHTTPServerHeaders */ = {
			isa = PBXGroup;
			children = (
				2591B0F713AB72A5009594DB /* HTTPAsyncFileResponse.h */,
				2591B0F813AB72A5009594DB /* HTTPDataResponse.h */,
				2591B0F913AB72A5009594DB /* HTTPDynamicFileResponse.h */,
				2591B0FA13AB72A5009594DB /* HTTPFileResponse.h */,
				2591B0FB13AB72A5009594DB /* HTTPRedirectResponse.h */,
				2591B0FC13AB72A5009594DB /* HTTPAuthenticationRequest.h */,
				2591B0FD13AB72A5009594DB /* HTTPConnection.h */,
				2591B0FE13AB72A5009594DB /* HTTPLogging.h */,
				2591B0FF13AB72A5009594DB /* HTTPMessage.h */,
				2591B10013AB72A5009594DB /* HTTPResponse.h */,
				2591B10113AB72A5009594DB /* HTTPServer.h */,
				2591B10213AB72A5009594DB /* WebSocket.h */,
			);
			name = CocoaHTTPServerHeaders;
			path = ../../CocoaHTTPServer;
			sourceTree = "<group>";
		};
		25A7F75013A0E8CF00F4BD57 = {
			isa = PBXGroup;
			children = (
				25C2A3F813D08183001DEB0C /* External */,
				25A7F76513A0E8CF00F4BD57 /* Serwus */,
				2554A1B113A263050086E87A /* Images */,
				25A7F77F13A0E8D000F4BD57 /* SerwusTests */,
				25A7F75E13A0E8CF00F4BD57 /* Frameworks */,
				25A7F75C13A0E8CF00F4BD57 /* Products */,
				2591B09B13AB5C35009594DB /* CocoaHTTPServer.xcodeproj */,
			);
			sourceTree = "<group>";
		};
		25A7F75C13A0E8CF00F4BD57 /* Products */ = {
			isa = PBXGroup;
			children = (
				25A7F75B13A0E8CF00F4BD57 /* Serwus.app */,
				25A7F77913A0E8D000F4BD57 /* SerwusTests.octest */,
			);
			name = Products;
			sourceTree = "<group>";
		};
		25A7F75E13A0E8CF00F4BD57 /* Frameworks */ = {
			isa = PBXGroup;
			children = (
				25CE357013C458AE006F7459 /* CoreData.framework */,
				2591B0E413AB6987009594DB /* SystemConfiguration.framework */,
				2591B0E213AB692F009594DB /* MobileCoreServices.framework */,
				2591B0BF13AB68D7009594DB /* libz.dylib */,
				2591B0BD13AB68BE009594DB /* libxml2.dylib */,
				2591B0A513AB5C8A009594DB /* libCocoaHTTPServer.a */,
				2554A19F13A25EB20086E87A /* CFNetwork.framework */,
				25A7F75F13A0E8CF00F4BD57 /* UIKit.framework */,
				25A7F76113A0E8CF00F4BD57 /* Foundation.framework */,
				25A7F76313A0E8CF00F4BD57 /* CoreGraphics.framework */,
			);
			name = Frameworks;
			sourceTree = "<group>";
		};
		25A7F76513A0E8CF00F4BD57 /* Serwus */ = {
			isa = PBXGroup;
			children = (
				2511335C13CDA6AC008D332D /* Chat */,
				2511339B13CDA6AC008D332D /* REST */,
				251133AF13CDA6AC008D332D /* UI */,
				2591B0AF13AB5E74009594DB /* Web */,
				25A7F76E13A0E8CF00F4BD57 /* SerwusAppDelegate.h */,
				25A7F76F13A0E8CF00F4BD57 /* SerwusAppDelegate.m */,
				2527C53213BC6C2A0038F2DE /* MCServiceBrowser.h */,
				2527C53313BC6C2A0038F2DE /* MCServiceBrowser.m */,
				25F7174613CDC10500F4E1D4 /* MCChatClientsManager.h */,
				25F7174713CDC10500F4E1D4 /* MCChatClientsManager.m */,
				251DE34E13C5973000B593A4 /* MCDataStore.h */,
				251DE34F13C5973000B593A4 /* MCDataStore.m */,
				25A7F76613A0E8CF00F4BD57 /* Supporting Files */,
			);
			path = Serwus;
			sourceTree = "<group>";
		};
		25A7F76613A0E8CF00F4BD57 /* Supporting Files */ = {
			isa = PBXGroup;
			children = (
				25A7F77113A0E8CF00F4BD57 /* MainWindow.xib */,
				2591B0F613AB72A5009594DB /* CocoaHTTPServerHeaders */,
				25A7F79713A0FB7100F4BD57 /* DebugLog.m */,
				25A7F76713A0E8CF00F4BD57 /* Serwus-Info.plist */,
				25A7F76813A0E8CF00F4BD57 /* InfoPlist.strings */,
				25A7F76B13A0E8CF00F4BD57 /* Serwus-Prefix.pch */,
				25A7F76C13A0E8CF00F4BD57 /* main.m */,
			);
			name = "Supporting Files";
			sourceTree = "<group>";
		};
		25A7F77F13A0E8D000F4BD57 /* SerwusTests */ = {
			isa = PBXGroup;
			children = (
				25A7F78613A0E8D000F4BD57 /* SerwusTests.h */,
				25A7F78813A0E8D000F4BD57 /* SerwusTests.m */,
				25A7F78013A0E8D000F4BD57 /* Supporting Files */,
				25627FB513B1F13100D2E9D2 /* MCUserTests.m */,
			);
			path = SerwusTests;
			sourceTree = "<group>";
		};
		25A7F78013A0E8D000F4BD57 /* Supporting Files */ = {
			isa = PBXGroup;
			children = (
				25A7F78113A0E8D000F4BD57 /* SerwusTests-Info.plist */,
				25A7F78213A0E8D000F4BD57 /* InfoPlist.strings */,
				25A7F78513A0E8D000F4BD57 /* SerwusTests-Prefix.pch */,
			);
			name = "Supporting Files";
			sourceTree = "<group>";
		};
		25C2A3F813D08183001DEB0C /* External */ = {
			isa = PBXGroup;
			children = (
				25C2A3F913D08183001DEB0C /* ASIHTTP */,
				25C2A40E13D08183001DEB0C /* AsyncSocket.h */,
				25C2A40F13D08183001DEB0C /* AsyncSocket.m */,
				25C2A41013D08183001DEB0C /* JSON */,
				25C2A42B13D08183001DEB0C /* Reachability */,
			);
			path = External;
			sourceTree = "<group>";
		};
		25C2A3F913D08183001DEB0C /* ASIHTTP */ = {
			isa = PBXGroup;
			children = (
				25C2A3FA13D08183001DEB0C /* ASIAuthenticationDialog.h */,
				25C2A3FB13D08183001DEB0C /* ASIAuthenticationDialog.m */,
				25C2A3FC13D08183001DEB0C /* ASICacheDelegate.h */,
				25C2A3FD13D08183001DEB0C /* ASIDataCompressor.h */,
				25C2A3FE13D08183001DEB0C /* ASIDataCompressor.m */,
				25C2A3FF13D08183001DEB0C /* ASIDataDecompressor.h */,
				25C2A40013D08183001DEB0C /* ASIDataDecompressor.m */,
				25C2A40113D08183001DEB0C /* ASIDownloadCache.h */,
				25C2A40213D08183001DEB0C /* ASIDownloadCache.m */,
				25C2A40313D08183001DEB0C /* ASIFormDataRequest.h */,
				25C2A40413D08183001DEB0C /* ASIFormDataRequest.m */,
				25C2A40513D08183001DEB0C /* ASIHTTPRequest.h */,
				25C2A40613D08183001DEB0C /* ASIHTTPRequest.m */,
				25C2A40713D08183001DEB0C /* ASIHTTPRequestConfig.h */,
				25C2A40813D08183001DEB0C /* ASIHTTPRequestDelegate.h */,
				25C2A40913D08183001DEB0C /* ASIInputStream.h */,
				25C2A40A13D08183001DEB0C /* ASIInputStream.m */,
				25C2A40B13D08183001DEB0C /* ASINetworkQueue.h */,
				25C2A40C13D08183001DEB0C /* ASINetworkQueue.m */,
				25C2A40D13D08183001DEB0C /* ASIProgressDelegate.h */,
			);
			path = ASIHTTP;
			sourceTree = "<group>";
		};
		25C2A41013D08183001DEB0C /* JSON */ = {
			isa = PBXGroup;
			children = (
				25C2A41113D08183001DEB0C /* JSON.h */,
				25C2A41213D08183001DEB0C /* NSObject+SBJson.h */,
				25C2A41313D08183001DEB0C /* NSObject+SBJson.m */,
				25C2A41413D08183001DEB0C /* SBJson.h */,
				25C2A41513D08183001DEB0C /* SBJsonParser.h */,
				25C2A41613D08183001DEB0C /* SBJsonParser.m */,
				25C2A41713D08183001DEB0C /* SBJsonStreamParser.h */,
				25C2A41813D08183001DEB0C /* SBJsonStreamParser.m */,
				25C2A41913D08183001DEB0C /* SBJsonStreamParserAccumulator.h */,
				25C2A41A13D08183001DEB0C /* SBJsonStreamParserAccumulator.m */,
				25C2A41B13D08183001DEB0C /* SBJsonStreamParserAdapter.h */,
				25C2A41C13D08183001DEB0C /* SBJsonStreamParserAdapter.m */,
				25C2A41D13D08183001DEB0C /* SBJsonStreamParserState.h */,
				25C2A41E13D08183001DEB0C /* SBJsonStreamParserState.m */,
				25C2A41F13D08183001DEB0C /* SBJsonStreamWriter.h */,
				25C2A42013D08183001DEB0C /* SBJsonStreamWriter.m */,
				25C2A42113D08183001DEB0C /* SBJsonStreamWriterAccumulator.h */,
				25C2A42213D08183001DEB0C /* SBJsonStreamWriterAccumulator.m */,
				25C2A42313D08183001DEB0C /* SBJsonStreamWriterState.h */,
				25C2A42413D08183001DEB0C /* SBJsonStreamWriterState.m */,
				25C2A42513D08183001DEB0C /* SBJsonTokeniser.h */,
				25C2A42613D08183001DEB0C /* SBJsonTokeniser.m */,
				25C2A42713D08183001DEB0C /* SBJsonUTF8Stream.h */,
				25C2A42813D08183001DEB0C /* SBJsonUTF8Stream.m */,
				25C2A42913D08183001DEB0C /* SBJsonWriter.h */,
				25C2A42A13D08183001DEB0C /* SBJsonWriter.m */,
			);
			path = JSON;
			sourceTree = "<group>";
		};
		25C2A42B13D08183001DEB0C /* Reachability */ = {
			isa = PBXGroup;
			children = (
				25C2A42C13D08183001DEB0C /* Reachability.h */,
				25C2A42D13D08183001DEB0C /* Reachability.m */,
			);
			path = Reachability;
			sourceTree = "<group>";
		};
/* End PBXGroup section */

/* Begin PBXNativeTarget section */
		25A7F75A13A0E8CF00F4BD57 /* Serwus */ = {
			isa = PBXNativeTarget;
			buildConfigurationList = 25A7F78C13A0E8D000F4BD57 /* Build configuration list for PBXNativeTarget "Serwus" */;
			buildPhases = (
				25A7F75713A0E8CF00F4BD57 /* Sources */,
				25A7F75813A0E8CF00F4BD57 /* Frameworks */,
				25A7F75913A0E8CF00F4BD57 /* Resources */,
			);
			buildRules = (
			);
			dependencies = (
			);
			name = Serwus;
			productName = Serwus;
			productReference = 25A7F75B13A0E8CF00F4BD57 /* Serwus.app */;
			productType = "com.apple.product-type.application";
		};
		25A7F77813A0E8D000F4BD57 /* SerwusTests */ = {
			isa = PBXNativeTarget;
			buildConfigurationList = 25A7F78F13A0E8D000F4BD57 /* Build configuration list for PBXNativeTarget "SerwusTests" */;
			buildPhases = (
				25A7F77413A0E8D000F4BD57 /* Sources */,
				25A7F77513A0E8D000F4BD57 /* Frameworks */,
				25A7F77613A0E8D000F4BD57 /* Resources */,
				25A7F77713A0E8D000F4BD57 /* ShellScript */,
			);
			buildRules = (
			);
			dependencies = (
				25A7F77E13A0E8D000F4BD57 /* PBXTargetDependency */,
			);
			name = SerwusTests;
			productName = SerwusTests;
			productReference = 25A7F77913A0E8D000F4BD57 /* SerwusTests.octest */;
			productType = "com.apple.product-type.bundle";
		};
/* End PBXNativeTarget section */

/* Begin PBXProject section */
		25A7F75213A0E8CF00F4BD57 /* Project object */ = {
			isa = PBXProject;
			buildConfigurationList = 25A7F75513A0E8CF00F4BD57 /* Build configuration list for PBXProject "Serwus" */;
			compatibilityVersion = "Xcode 3.2";
			developmentRegion = English;
			hasScannedForEncodings = 0;
			knownRegions = (
				en,
			);
			mainGroup = 25A7F75013A0E8CF00F4BD57;
			productRefGroup = 25A7F75C13A0E8CF00F4BD57 /* Products */;
			projectDirPath = "";
			projectReferences = (
				{
					ProductGroup = 2591B09C13AB5C35009594DB /* Products */;
					ProjectRef = 2591B09B13AB5C35009594DB /* CocoaHTTPServer.xcodeproj */;
				},
			);
			projectRoot = "";
			targets = (
				25A7F75A13A0E8CF00F4BD57 /* Serwus */,
				25A7F77813A0E8D000F4BD57 /* SerwusTests */,
			);
		};
/* End PBXProject section */

/* Begin PBXReferenceProxy section */
		2591B0A313AB5C35009594DB /* libCocoaHTTPServer.a */ = {
			isa = PBXReferenceProxy;
			fileType = archive.ar;
			path = libCocoaHTTPServer.a;
			remoteRef = 2591B0A213AB5C35009594DB /* PBXContainerItemProxy */;
			sourceTree = BUILT_PRODUCTS_DIR;
		};
/* End PBXReferenceProxy section */

/* Begin PBXResourcesBuildPhase section */
		25A7F75913A0E8CF00F4BD57 /* Resources */ = {
			isa = PBXResourcesBuildPhase;
			buildActionMask = 2147483647;
			files = (
				25A7F76A13A0E8CF00F4BD57 /* InfoPlist.strings in Resources */,
				25A7F77313A0E8CF00F4BD57 /* MainWindow.xib in Resources */,
				2554A1B613A263050086E87A /* comment.png in Resources */,
				2554A1B713A263050086E87A /* comment@2x.png in Resources */,
				2554A1B813A263050086E87A /* magnifier.png in Resources */,
				2554A1B913A263050086E87A /* magnifier@2x.png in Resources */,
				2554A1F013A26B6C0086E87A /* reload.png in Resources */,
				2554A1F113A26B6C0086E87A /* reload@2x.png in Resources */,
				2591B0B013AB5E74009594DB /* Web in Resources */,
				251133E113CDA6AC008D332D /* MCChatController.xib in Resources */,
				251133E313CDA6AC008D332D /* MCRestBrowserController.xib in Resources */,
				251133E413CDA6AC008D332D /* MCServiceCell.xib in Resources */,
				251133E613CDA6AC008D332D /* MCServiceDetailsController.xib in Resources */,
				251133E813CDA6AC008D332D /* MCServiceListController.xib in Resources */,
				251CACB213D02C6C0056285B /* tray_mail.png in Resources */,
				251CACB313D02C6C0056285B /* tray_mail@2x.png in Resources */,
				25C2A3EB13D0642E001DEB0C /* MCChatClientListController.xib in Resources */,
				25C2A3F613D071E2001DEB0C /* man.png in Resources */,
				25C2A3F713D071E2001DEB0C /* man@2x.png in Resources */,
			);
			runOnlyForDeploymentPostprocessing = 0;
		};
		25A7F77613A0E8D000F4BD57 /* Resources */ = {
			isa = PBXResourcesBuildPhase;
			buildActionMask = 2147483647;
			files = (
				25A7F78413A0E8D000F4BD57 /* InfoPlist.strings in Resources */,
				25A7F78713A0E8D000F4BD57 /* SerwusTests.h in Resources */,
			);
			runOnlyForDeploymentPostprocessing = 0;
		};
/* End PBXResourcesBuildPhase section */

/* Begin PBXShellScriptBuildPhase section */
		25A7F77713A0E8D000F4BD57 /* ShellScript */ = {
			isa = PBXShellScriptBuildPhase;
			buildActionMask = 2147483647;
			files = (
			);
			inputPaths = (
			);
			outputPaths = (
			);
			runOnlyForDeploymentPostprocessing = 0;
			shellPath = /bin/sh;
			shellScript = "# Run the unit tests in this test bundle.\n\"${SYSTEM_DEVELOPER_DIR}/Tools/RunUnitTests\"\n";
		};
/* End PBXShellScriptBuildPhase section */

/* Begin PBXSourcesBuildPhase section */
		25A7F75713A0E8CF00F4BD57 /* Sources */ = {
			isa = PBXSourcesBuildPhase;
			buildActionMask = 2147483647;
			files = (
				25A7F76D13A0E8CF00F4BD57 /* main.m in Sources */,
				25A7F77013A0E8CF00F4BD57 /* SerwusAppDelegate.m in Sources */,
				25A7F79813A0FB7100F4BD57 /* DebugLog.m in Sources */,
				2527C53413BC6C2A0038F2DE /* MCServiceBrowser.m in Sources */,
				251DE35013C5973000B593A4 /* MCDataStore.m in Sources */,
				251133BD13CDA6AC008D332D /* MCChatClient.m in Sources */,
				251133BF13CDA6AC008D332D /* MCMessage.m in Sources */,
				251133C013CDA6AC008D332D /* MCMessageBroker.m in Sources */,
				251133D713CDA6AC008D332D /* MCChatRoom.m in Sources */,
				251133D813CDA6AC008D332D /* MCChatRooms.m in Sources */,
				251133DA13CDA6AC008D332D /* MCRestConnectionHandler.m in Sources */,
				251133DB13CDA6AC008D332D /* MCRestResourceProvider.m in Sources */,
				251133DC13CDA6AC008D332D /* MCRootResources.m in Sources */,
				251133DD13CDA6AC008D332D /* MCUser.m in Sources */,
				251133DE13CDA6AC008D332D /* MCUsers.m in Sources */,
				251133DF13CDA6AC008D332D /* MCWebServer.m in Sources */,
				251133E013CDA6AC008D332D /* MCChatController.m in Sources */,
				251133E213CDA6AC008D332D /* MCRestBrowserController.m in Sources */,
				251133E513CDA6AC008D332D /* MCServiceDetailsController.m in Sources */,
				251133E713CDA6AC008D332D /* MCServiceListController.m in Sources */,
				25F7174813CDC10500F4E1D4 /* MCChatClientsManager.m in Sources */,
				25F7174B13CDC44700F4E1D4 /* MCChatServer.m in Sources */,
				25C2A3EA13D0642E001DEB0C /* MCChatClientListController.m in Sources */,
				25C2A42E13D08183001DEB0C /* ASIAuthenticationDialog.m in Sources */,
				25C2A42F13D08183001DEB0C /* ASIDataCompressor.m in Sources */,
				25C2A43013D08183001DEB0C /* ASIDataDecompressor.m in Sources */,
				25C2A43113D08183001DEB0C /* ASIDownloadCache.m in Sources */,
				25C2A43213D08183001DEB0C /* ASIFormDataRequest.m in Sources */,
				25C2A43313D08183001DEB0C /* ASIHTTPRequest.m in Sources */,
				25C2A43413D08183001DEB0C /* ASIInputStream.m in Sources */,
				25C2A43513D08183001DEB0C /* ASINetworkQueue.m in Sources */,
				25C2A43613D08183001DEB0C /* AsyncSocket.m in Sources */,
				25C2A43713D08183001DEB0C /* NSObject+SBJson.m in Sources */,
				25C2A43813D08183001DEB0C /* SBJsonParser.m in Sources */,
				25C2A43913D08183001DEB0C /* SBJsonStreamParser.m in Sources */,
				25C2A43A13D08183001DEB0C /* SBJsonStreamParserAccumulator.m in Sources */,
				25C2A43B13D08183001DEB0C /* SBJsonStreamParserAdapter.m in Sources */,
				25C2A43C13D08183001DEB0C /* SBJsonStreamParserState.m in Sources */,
				25C2A43D13D08183001DEB0C /* SBJsonStreamWriter.m in Sources */,
				25C2A43E13D08183001DEB0C /* SBJsonStreamWriterAccumulator.m in Sources */,
				25C2A43F13D08183001DEB0C /* SBJsonStreamWriterState.m in Sources */,
				25C2A44013D08183001DEB0C /* SBJsonTokeniser.m in Sources */,
				25C2A44113D08183001DEB0C /* SBJsonUTF8Stream.m in Sources */,
				25C2A44213D08183001DEB0C /* SBJsonWriter.m in Sources */,
				25C2A44313D08183001DEB0C /* Reachability.m in Sources */,
			);
			runOnlyForDeploymentPostprocessing = 0;
		};
		25A7F77413A0E8D000F4BD57 /* Sources */ = {
			isa = PBXSourcesBuildPhase;
			buildActionMask = 2147483647;
			files = (
				25A7F78913A0E8D000F4BD57 /* SerwusTests.m in Sources */,
				25A7F79913A0FB7100F4BD57 /* DebugLog.m in Sources */,
				25627FB613B1F13100D2E9D2 /* MCUserTests.m in Sources */,
			);
			runOnlyForDeploymentPostprocessing = 0;
		};
/* End PBXSourcesBuildPhase section */

/* Begin PBXTargetDependency section */
		25A7F77E13A0E8D000F4BD57 /* PBXTargetDependency */ = {
			isa = PBXTargetDependency;
			target = 25A7F75A13A0E8CF00F4BD57 /* Serwus */;
			targetProxy = 25A7F77D13A0E8D000F4BD57 /* PBXContainerItemProxy */;
		};
/* End PBXTargetDependency section */

/* Begin PBXVariantGroup section */
		25A7F76813A0E8CF00F4BD57 /* InfoPlist.strings */ = {
			isa = PBXVariantGroup;
			children = (
				25A7F76913A0E8CF00F4BD57 /* en */,
			);
			name = InfoPlist.strings;
			sourceTree = "<group>";
		};
		25A7F77113A0E8CF00F4BD57 /* MainWindow.xib */ = {
			isa = PBXVariantGroup;
			children = (
				25A7F77213A0E8CF00F4BD57 /* en */,
			);
			name = MainWindow.xib;
			sourceTree = "<group>";
		};
		25A7F78213A0E8D000F4BD57 /* InfoPlist.strings */ = {
			isa = PBXVariantGroup;
			children = (
				25A7F78313A0E8D000F4BD57 /* en */,
			);
			name = InfoPlist.strings;
			sourceTree = "<group>";
		};
/* End PBXVariantGroup section */

/* Begin XCBuildConfiguration section */
		25A7F78A13A0E8D000F4BD57 /* Debug */ = {
			isa = XCBuildConfiguration;
			buildSettings = {
				ARCHS = "$(ARCHS_STANDARD_32_BIT)";
				"CODE_SIGN_IDENTITY[sdk=iphoneos*]" = "iPhone Developer";
				GCC_C_LANGUAGE_STANDARD = gnu99;
				GCC_OPTIMIZATION_LEVEL = 0;
				GCC_PREPROCESSOR_DEFINITIONS = DEBUG;
				GCC_SYMBOLS_PRIVATE_EXTERN = NO;
				GCC_VERSION = com.apple.compilers.llvmgcc42;
				GCC_WARN_ABOUT_RETURN_TYPE = YES;
				GCC_WARN_UNUSED_VARIABLE = YES;
				IPHONEOS_DEPLOYMENT_TARGET = 4.3;
				SDKROOT = iphoneos;
			};
			name = Debug;
		};
		25A7F78B13A0E8D000F4BD57 /* Release */ = {
			isa = XCBuildConfiguration;
			buildSettings = {
				ARCHS = "$(ARCHS_STANDARD_32_BIT)";
				"CODE_SIGN_IDENTITY[sdk=iphoneos*]" = "iPhone Developer";
				GCC_C_LANGUAGE_STANDARD = gnu99;
				GCC_VERSION = com.apple.compilers.llvmgcc42;
				GCC_WARN_ABOUT_RETURN_TYPE = YES;
				GCC_WARN_UNUSED_VARIABLE = YES;
				IPHONEOS_DEPLOYMENT_TARGET = 4.3;
				OTHER_CFLAGS = "-DNS_BLOCK_ASSERTIONS=1";
				SDKROOT = iphoneos;
			};
			name = Release;
		};
		25A7F78D13A0E8D000F4BD57 /* Debug */ = {
			isa = XCBuildConfiguration;
			buildSettings = {
				ALWAYS_SEARCH_USER_PATHS = NO;
				COPY_PHASE_STRIP = NO;
				GCC_DYNAMIC_NO_PIC = NO;
				GCC_PRECOMPILE_PREFIX_HEADER = YES;
				GCC_PREFIX_HEADER = "Serwus/Serwus-Prefix.pch";
				INFOPLIST_FILE = "Serwus/Serwus-Info.plist";
				LIBRARY_SEARCH_PATHS = (
					"$(inherited)",
					"\"$(SRCROOT)\"",
				);
				PRODUCT_NAME = "$(TARGET_NAME)";
				USER_HEADER_SEARCH_PATHS = "$(BUILT_PRODUCTS_DIR)/CocoaHTTPServer/**";
				WRAPPER_EXTENSION = app;
			};
			name = Debug;
		};
		25A7F78E13A0E8D000F4BD57 /* Release */ = {
			isa = XCBuildConfiguration;
			buildSettings = {
				ALWAYS_SEARCH_USER_PATHS = NO;
				COPY_PHASE_STRIP = YES;
				GCC_PRECOMPILE_PREFIX_HEADER = YES;
				GCC_PREFIX_HEADER = "Serwus/Serwus-Prefix.pch";
				INFOPLIST_FILE = "Serwus/Serwus-Info.plist";
				LIBRARY_SEARCH_PATHS = (
					"$(inherited)",
					"\"$(SRCROOT)\"",
				);
				PRODUCT_NAME = "$(TARGET_NAME)";
				USER_HEADER_SEARCH_PATHS = "$(BUILT_PRODUCTS_DIR)/CocoaHTTPServer/**";
				VALIDATE_PRODUCT = YES;
				WRAPPER_EXTENSION = app;
			};
			name = Release;
		};
		25A7F79013A0E8D000F4BD57 /* Debug */ = {
			isa = XCBuildConfiguration;
			buildSettings = {
				ALWAYS_SEARCH_USER_PATHS = NO;
				BUNDLE_LOADER = "$(BUILT_PRODUCTS_DIR)/Serwus.app/Serwus";
				FRAMEWORK_SEARCH_PATHS = (
					"$(SDKROOT)/Developer/Library/Frameworks",
					"$(DEVELOPER_LIBRARY_DIR)/Frameworks",
				);
				GCC_PRECOMPILE_PREFIX_HEADER = YES;
				GCC_PREFIX_HEADER = "SerwusTests/SerwusTests-Prefix.pch";
				INFOPLIST_FILE = "SerwusTests/SerwusTests-Info.plist";
				OTHER_LDFLAGS = (
					"-framework",
					SenTestingKit,
				);
				PRODUCT_NAME = "$(TARGET_NAME)";
				TEST_HOST = "$(BUNDLE_LOADER)";
				WRAPPER_EXTENSION = octest;
			};
			name = Debug;
		};
		25A7F79113A0E8D000F4BD57 /* Release */ = {
			isa = XCBuildConfiguration;
			buildSettings = {
				ALWAYS_SEARCH_USER_PATHS = NO;
				BUNDLE_LOADER = "$(BUILT_PRODUCTS_DIR)/Serwus.app/Serwus";
				FRAMEWORK_SEARCH_PATHS = (
					"$(SDKROOT)/Developer/Library/Frameworks",
					"$(DEVELOPER_LIBRARY_DIR)/Frameworks",
				);
				GCC_PRECOMPILE_PREFIX_HEADER = YES;
				GCC_PREFIX_HEADER = "SerwusTests/SerwusTests-Prefix.pch";
				INFOPLIST_FILE = "SerwusTests/SerwusTests-Info.plist";
				OTHER_LDFLAGS = (
					"-framework",
					SenTestingKit,
				);
				PRODUCT_NAME = "$(TARGET_NAME)";
				TEST_HOST = "$(BUNDLE_LOADER)";
				WRAPPER_EXTENSION = octest;
			};
			name = Release;
		};
/* End XCBuildConfiguration section */

/* Begin XCConfigurationList section */
		25A7F75513A0E8CF00F4BD57 /* Build configuration list for PBXProject "Serwus" */ = {
			isa = XCConfigurationList;
			buildConfigurations = (
				25A7F78A13A0E8D000F4BD57 /* Debug */,
				25A7F78B13A0E8D000F4BD57 /* Release */,
			);
			defaultConfigurationIsVisible = 0;
			defaultConfigurationName = Release;
		};
		25A7F78C13A0E8D000F4BD57 /* Build configuration list for PBXNativeTarget "Serwus" */ = {
			isa = XCConfigurationList;
			buildConfigurations = (
				25A7F78D13A0E8D000F4BD57 /* Debug */,
				25A7F78E13A0E8D000F4BD57 /* Release */,
			);
			defaultConfigurationIsVisible = 0;
			defaultConfigurationName = Release;
		};
		25A7F78F13A0E8D000F4BD57 /* Build configuration list for PBXNativeTarget "SerwusTests" */ = {
			isa = XCConfigurationList;
			buildConfigurations = (
				25A7F79013A0E8D000F4BD57 /* Debug */,
				25A7F79113A0E8D000F4BD57 /* Release */,
			);
			defaultConfigurationIsVisible = 0;
			defaultConfigurationName = Release;
		};
/* End XCConfigurationList section */
	};
	rootObject = 25A7F75213A0E8CF00F4BD57 /* Project object */;
}
