// !$*UTF8*$!
{
	archiveVersion = 1;
	classes = {
	};
	objectVersion = 46;
	objects = {

/* Begin PBXBuildFile section */
		2554A19013A25A9E0086E87A /* MCMessage.m in Sources */ = {isa = PBXBuildFile; fileRef = 2554A18F13A25A9E0086E87A /* MCMessage.m */; };
		2554A19613A25C030086E87A /* AsyncSocket.m in Sources */ = {isa = PBXBuildFile; fileRef = 2554A19513A25C030086E87A /* AsyncSocket.m */; };
		2554A1A013A25EB20086E87A /* CFNetwork.framework in Frameworks */ = {isa = PBXBuildFile; fileRef = 2554A19F13A25EB20086E87A /* CFNetwork.framework */; };
		2554A1B613A263050086E87A /* comment.png in Resources */ = {isa = PBXBuildFile; fileRef = 2554A1B213A263050086E87A /* comment.png */; };
		2554A1B713A263050086E87A /* comment@2x.png in Resources */ = {isa = PBXBuildFile; fileRef = 2554A1B313A263050086E87A /* comment@2x.png */; };
		2554A1B813A263050086E87A /* magnifier.png in Resources */ = {isa = PBXBuildFile; fileRef = 2554A1B413A263050086E87A /* magnifier.png */; };
		2554A1B913A263050086E87A /* magnifier@2x.png in Resources */ = {isa = PBXBuildFile; fileRef = 2554A1B513A263050086E87A /* magnifier@2x.png */; };
		2554A1BD13A263440086E87A /* MCChatController.m in Sources */ = {isa = PBXBuildFile; fileRef = 2554A1BB13A263440086E87A /* MCChatController.m */; };
		2554A1BE13A263440086E87A /* MCChatController.xib in Resources */ = {isa = PBXBuildFile; fileRef = 2554A1BC13A263440086E87A /* MCChatController.xib */; };
		2554A1F013A26B6C0086E87A /* reload.png in Resources */ = {isa = PBXBuildFile; fileRef = 2554A1EE13A26B6C0086E87A /* reload.png */; };
		2554A1F113A26B6C0086E87A /* reload@2x.png in Resources */ = {isa = PBXBuildFile; fileRef = 2554A1EF13A26B6C0086E87A /* reload@2x.png */; };
		2554A1F513A26C2B0086E87A /* MCServiceDetailsController.m in Sources */ = {isa = PBXBuildFile; fileRef = 2554A1F313A26C2A0086E87A /* MCServiceDetailsController.m */; };
		2554A1F613A26C2B0086E87A /* MCServiceDetailsController.xib in Resources */ = {isa = PBXBuildFile; fileRef = 2554A1F413A26C2A0086E87A /* MCServiceDetailsController.xib */; };
		25A7F76013A0E8CF00F4BD57 /* UIKit.framework in Frameworks */ = {isa = PBXBuildFile; fileRef = 25A7F75F13A0E8CF00F4BD57 /* UIKit.framework */; };
		25A7F76213A0E8CF00F4BD57 /* Foundation.framework in Frameworks */ = {isa = PBXBuildFile; fileRef = 25A7F76113A0E8CF00F4BD57 /* Foundation.framework */; };
		25A7F76413A0E8CF00F4BD57 /* CoreGraphics.framework in Frameworks */ = {isa = PBXBuildFile; fileRef = 25A7F76313A0E8CF00F4BD57 /* CoreGraphics.framework */; };
		25A7F76A13A0E8CF00F4BD57 /* InfoPlist.strings in Resources */ = {isa = PBXBuildFile; fileRef = 25A7F76813A0E8CF00F4BD57 /* InfoPlist.strings */; };
		25A7F76D13A0E8CF00F4BD57 /* main.m in Sources */ = {isa = PBXBuildFile; fileRef = 25A7F76C13A0E8CF00F4BD57 /* main.m */; };
		25A7F77013A0E8CF00F4BD57 /* SerwusAppDelegate.m in Sources */ = {isa = PBXBuildFile; fileRef = 25A7F76F13A0E8CF00F4BD57 /* SerwusAppDelegate.m */; };
		25A7F77313A0E8CF00F4BD57 /* MainWindow.xib in Resources */ = {isa = PBXBuildFile; fileRef = 25A7F77113A0E8CF00F4BD57 /* MainWindow.xib */; };
		25A7F77A13A0E8D000F4BD57 /* UIKit.framework in Frameworks */ = {isa = PBXBuildFile; fileRef = 25A7F75F13A0E8CF00F4BD57 /* UIKit.framework */; };
		25A7F77B13A0E8D000F4BD57 /* Foundation.framework in Frameworks */ = {isa = PBXBuildFile; fileRef = 25A7F76113A0E8CF00F4BD57 /* Foundation.framework */; };
		25A7F77C13A0E8D000F4BD57 /* CoreGraphics.framework in Frameworks */ = {isa = PBXBuildFile; fileRef = 25A7F76313A0E8CF00F4BD57 /* CoreGraphics.framework */; };
		25A7F78413A0E8D000F4BD57 /* InfoPlist.strings in Resources */ = {isa = PBXBuildFile; fileRef = 25A7F78213A0E8D000F4BD57 /* InfoPlist.strings */; };
		25A7F78713A0E8D000F4BD57 /* SerwusTests.h in Resources */ = {isa = PBXBuildFile; fileRef = 25A7F78613A0E8D000F4BD57 /* SerwusTests.h */; };
		25A7F78913A0E8D000F4BD57 /* SerwusTests.m in Sources */ = {isa = PBXBuildFile; fileRef = 25A7F78813A0E8D000F4BD57 /* SerwusTests.m */; };
		25A7F79513A0F9D300F4BD57 /* MCServiceListController.m in Sources */ = {isa = PBXBuildFile; fileRef = 25A7F79313A0F9D300F4BD57 /* MCServiceListController.m */; };
		25A7F79613A0F9D300F4BD57 /* MCServiceListController.xib in Resources */ = {isa = PBXBuildFile; fileRef = 25A7F79413A0F9D300F4BD57 /* MCServiceListController.xib */; };
		25A7F79813A0FB7100F4BD57 /* DebugLog.m in Sources */ = {isa = PBXBuildFile; fileRef = 25A7F79713A0FB7100F4BD57 /* DebugLog.m */; };
		25A7F79913A0FB7100F4BD57 /* DebugLog.m in Sources */ = {isa = PBXBuildFile; fileRef = 25A7F79713A0FB7100F4BD57 /* DebugLog.m */; };
		25A7F79C13A0FDA300F4BD57 /* MCChatServer.m in Sources */ = {isa = PBXBuildFile; fileRef = 25A7F79B13A0FDA300F4BD57 /* MCChatServer.m */; };
		25A7F79F13A1072800F4BD57 /* MCChatClient.m in Sources */ = {isa = PBXBuildFile; fileRef = 25A7F79E13A1072800F4BD57 /* MCChatClient.m */; };
/* End PBXBuildFile section */

/* Begin PBXContainerItemProxy section */
		25A7F77D13A0E8D000F4BD57 /* PBXContainerItemProxy */ = {
			isa = PBXContainerItemProxy;
			containerPortal = 25A7F75213A0E8CF00F4BD57 /* Project object */;
			proxyType = 1;
			remoteGlobalIDString = 25A7F75A13A0E8CF00F4BD57;
			remoteInfo = Serwus;
		};
/* End PBXContainerItemProxy section */

/* Begin PBXFileReference section */
		2554A18E13A25A9E0086E87A /* MCMessage.h */ = {isa = PBXFileReference; fileEncoding = 4; lastKnownFileType = sourcecode.c.h; path = MCMessage.h; sourceTree = "<group>"; };
		2554A18F13A25A9E0086E87A /* MCMessage.m */ = {isa = PBXFileReference; fileEncoding = 4; lastKnownFileType = sourcecode.c.objc; path = MCMessage.m; sourceTree = "<group>"; };
		2554A19413A25C030086E87A /* AsyncSocket.h */ = {isa = PBXFileReference; fileEncoding = 4; lastKnownFileType = sourcecode.c.h; path = AsyncSocket.h; sourceTree = "<group>"; };
		2554A19513A25C030086E87A /* AsyncSocket.m */ = {isa = PBXFileReference; fileEncoding = 4; lastKnownFileType = sourcecode.c.objc; path = AsyncSocket.m; sourceTree = "<group>"; };
		2554A19F13A25EB20086E87A /* CFNetwork.framework */ = {isa = PBXFileReference; lastKnownFileType = wrapper.framework; name = CFNetwork.framework; path = System/Library/Frameworks/CFNetwork.framework; sourceTree = SDKROOT; };
		2554A1B213A263050086E87A /* comment.png */ = {isa = PBXFileReference; lastKnownFileType = image.png; path = comment.png; sourceTree = "<group>"; };
		2554A1B313A263050086E87A /* comment@2x.png */ = {isa = PBXFileReference; lastKnownFileType = image.png; path = "comment@2x.png"; sourceTree = "<group>"; };
		2554A1B413A263050086E87A /* magnifier.png */ = {isa = PBXFileReference; lastKnownFileType = image.png; path = magnifier.png; sourceTree = "<group>"; };
		2554A1B513A263050086E87A /* magnifier@2x.png */ = {isa = PBXFileReference; lastKnownFileType = image.png; path = "magnifier@2x.png"; sourceTree = "<group>"; };
		2554A1BA13A263430086E87A /* MCChatController.h */ = {isa = PBXFileReference; fileEncoding = 4; lastKnownFileType = sourcecode.c.h; path = MCChatController.h; sourceTree = "<group>"; };
		2554A1BB13A263440086E87A /* MCChatController.m */ = {isa = PBXFileReference; fileEncoding = 4; lastKnownFileType = sourcecode.c.objc; path = MCChatController.m; sourceTree = "<group>"; };
		2554A1BC13A263440086E87A /* MCChatController.xib */ = {isa = PBXFileReference; fileEncoding = 4; lastKnownFileType = file.xib; path = MCChatController.xib; sourceTree = "<group>"; };
		2554A1EE13A26B6C0086E87A /* reload.png */ = {isa = PBXFileReference; lastKnownFileType = image.png; path = reload.png; sourceTree = "<group>"; };
		2554A1EF13A26B6C0086E87A /* reload@2x.png */ = {isa = PBXFileReference; lastKnownFileType = image.png; path = "reload@2x.png"; sourceTree = "<group>"; };
		2554A1F213A26C2A0086E87A /* MCServiceDetailsController.h */ = {isa = PBXFileReference; fileEncoding = 4; lastKnownFileType = sourcecode.c.h; path = MCServiceDetailsController.h; sourceTree = "<group>"; };
		2554A1F313A26C2A0086E87A /* MCServiceDetailsController.m */ = {isa = PBXFileReference; fileEncoding = 4; lastKnownFileType = sourcecode.c.objc; path = MCServiceDetailsController.m; sourceTree = "<group>"; };
		2554A1F413A26C2A0086E87A /* MCServiceDetailsController.xib */ = {isa = PBXFileReference; fileEncoding = 4; lastKnownFileType = file.xib; path = MCServiceDetailsController.xib; sourceTree = "<group>"; };
		25A7F75B13A0E8CF00F4BD57 /* Serwus.app */ = {isa = PBXFileReference; explicitFileType = wrapper.application; includeInIndex = 0; path = Serwus.app; sourceTree = BUILT_PRODUCTS_DIR; };
		25A7F75F13A0E8CF00F4BD57 /* UIKit.framework */ = {isa = PBXFileReference; lastKnownFileType = wrapper.framework; name = UIKit.framework; path = System/Library/Frameworks/UIKit.framework; sourceTree = SDKROOT; };
		25A7F76113A0E8CF00F4BD57 /* Foundation.framework */ = {isa = PBXFileReference; lastKnownFileType = wrapper.framework; name = Foundation.framework; path = System/Library/Frameworks/Foundation.framework; sourceTree = SDKROOT; };
		25A7F76313A0E8CF00F4BD57 /* CoreGraphics.framework */ = {isa = PBXFileReference; lastKnownFileType = wrapper.framework; name = CoreGraphics.framework; path = System/Library/Frameworks/CoreGraphics.framework; sourceTree = SDKROOT; };
		25A7F76713A0E8CF00F4BD57 /* Serwus-Info.plist */ = {isa = PBXFileReference; lastKnownFileType = text.plist.xml; path = "Serwus-Info.plist"; sourceTree = "<group>"; };
		25A7F76913A0E8CF00F4BD57 /* en */ = {isa = PBXFileReference; lastKnownFileType = text.plist.strings; name = en; path = en.lproj/InfoPlist.strings; sourceTree = "<group>"; };
		25A7F76B13A0E8CF00F4BD57 /* Serwus-Prefix.pch */ = {isa = PBXFileReference; lastKnownFileType = sourcecode.c.h; path = "Serwus-Prefix.pch"; sourceTree = "<group>"; };
		25A7F76C13A0E8CF00F4BD57 /* main.m */ = {isa = PBXFileReference; lastKnownFileType = sourcecode.c.objc; path = main.m; sourceTree = "<group>"; };
		25A7F76E13A0E8CF00F4BD57 /* SerwusAppDelegate.h */ = {isa = PBXFileReference; lastKnownFileType = sourcecode.c.h; path = SerwusAppDelegate.h; sourceTree = "<group>"; };
		25A7F76F13A0E8CF00F4BD57 /* SerwusAppDelegate.m */ = {isa = PBXFileReference; lastKnownFileType = sourcecode.c.objc; path = SerwusAppDelegate.m; sourceTree = "<group>"; };
		25A7F77213A0E8CF00F4BD57 /* en */ = {isa = PBXFileReference; lastKnownFileType = file.xib; name = en; path = en.lproj/MainWindow.xib; sourceTree = "<group>"; };
		25A7F77913A0E8D000F4BD57 /* SerwusTests.octest */ = {isa = PBXFileReference; explicitFileType = wrapper.cfbundle; includeInIndex = 0; path = SerwusTests.octest; sourceTree = BUILT_PRODUCTS_DIR; };
		25A7F78113A0E8D000F4BD57 /* SerwusTests-Info.plist */ = {isa = PBXFileReference; lastKnownFileType = text.plist.xml; path = "SerwusTests-Info.plist"; sourceTree = "<group>"; };
		25A7F78313A0E8D000F4BD57 /* en */ = {isa = PBXFileReference; lastKnownFileType = text.plist.strings; name = en; path = en.lproj/InfoPlist.strings; sourceTree = "<group>"; };
		25A7F78513A0E8D000F4BD57 /* SerwusTests-Prefix.pch */ = {isa = PBXFileReference; lastKnownFileType = sourcecode.c.h; path = "SerwusTests-Prefix.pch"; sourceTree = "<group>"; };
		25A7F78613A0E8D000F4BD57 /* SerwusTests.h */ = {isa = PBXFileReference; lastKnownFileType = sourcecode.c.h; path = SerwusTests.h; sourceTree = "<group>"; };
		25A7F78813A0E8D000F4BD57 /* SerwusTests.m */ = {isa = PBXFileReference; lastKnownFileType = sourcecode.c.objc; path = SerwusTests.m; sourceTree = "<group>"; };
		25A7F79213A0F9D300F4BD57 /* MCServiceListController.h */ = {isa = PBXFileReference; fileEncoding = 4; lastKnownFileType = sourcecode.c.h; path = MCServiceListController.h; sourceTree = "<group>"; };
		25A7F79313A0F9D300F4BD57 /* MCServiceListController.m */ = {isa = PBXFileReference; fileEncoding = 4; lastKnownFileType = sourcecode.c.objc; path = MCServiceListController.m; sourceTree = "<group>"; };
		25A7F79413A0F9D300F4BD57 /* MCServiceListController.xib */ = {isa = PBXFileReference; fileEncoding = 4; lastKnownFileType = file.xib; path = MCServiceListController.xib; sourceTree = "<group>"; };
		25A7F79713A0FB7100F4BD57 /* DebugLog.m */ = {isa = PBXFileReference; fileEncoding = 4; lastKnownFileType = sourcecode.c.objc; path = DebugLog.m; sourceTree = "<group>"; };
		25A7F79A13A0FDA300F4BD57 /* MCChatServer.h */ = {isa = PBXFileReference; fileEncoding = 4; lastKnownFileType = sourcecode.c.h; path = MCChatServer.h; sourceTree = "<group>"; };
		25A7F79B13A0FDA300F4BD57 /* MCChatServer.m */ = {isa = PBXFileReference; fileEncoding = 4; lastKnownFileType = sourcecode.c.objc; path = MCChatServer.m; sourceTree = "<group>"; };
		25A7F79D13A1072800F4BD57 /* MCChatClient.h */ = {isa = PBXFileReference; fileEncoding = 4; lastKnownFileType = sourcecode.c.h; path = MCChatClient.h; sourceTree = "<group>"; };
		25A7F79E13A1072800F4BD57 /* MCChatClient.m */ = {isa = PBXFileReference; fileEncoding = 4; lastKnownFileType = sourcecode.c.objc; path = MCChatClient.m; sourceTree = "<group>"; };
/* End PBXFileReference section */

/* Begin PBXFrameworksBuildPhase section */
		25A7F75813A0E8CF00F4BD57 /* Frameworks */ = {
			isa = PBXFrameworksBuildPhase;
			buildActionMask = 2147483647;
			files = (
				2554A1A013A25EB20086E87A /* CFNetwork.framework in Frameworks */,
				25A7F76013A0E8CF00F4BD57 /* UIKit.framework in Frameworks */,
				25A7F76213A0E8CF00F4BD57 /* Foundation.framework in Frameworks */,
				25A7F76413A0E8CF00F4BD57 /* CoreGraphics.framework in Frameworks */,
			);
			runOnlyForDeploymentPostprocessing = 0;
		};
		25A7F77513A0E8D000F4BD57 /* Frameworks */ = {
			isa = PBXFrameworksBuildPhase;
			buildActionMask = 2147483647;
			files = (
				25A7F77A13A0E8D000F4BD57 /* UIKit.framework in Frameworks */,
				25A7F77B13A0E8D000F4BD57 /* Foundation.framework in Frameworks */,
				25A7F77C13A0E8D000F4BD57 /* CoreGraphics.framework in Frameworks */,
			);
			runOnlyForDeploymentPostprocessing = 0;
		};
/* End PBXFrameworksBuildPhase section */

/* Begin PBXGroup section */
		2554A19213A25B010086E87A /* Server */ = {
			isa = PBXGroup;
			children = (
			);
			name = Server;
			sourceTree = "<group>";
		};
		2554A19313A25C030086E87A /* External */ = {
			isa = PBXGroup;
			children = (
				2554A19413A25C030086E87A /* AsyncSocket.h */,
				2554A19513A25C030086E87A /* AsyncSocket.m */,
			);
			path = External;
			sourceTree = "<group>";
		};
		2554A1B113A263050086E87A /* Images */ = {
			isa = PBXGroup;
			children = (
				2554A1EE13A26B6C0086E87A /* reload.png */,
				2554A1EF13A26B6C0086E87A /* reload@2x.png */,
				2554A1B213A263050086E87A /* comment.png */,
				2554A1B313A263050086E87A /* comment@2x.png */,
				2554A1B413A263050086E87A /* magnifier.png */,
				2554A1B513A263050086E87A /* magnifier@2x.png */,
			);
			path = Images;
			sourceTree = "<group>";
		};
		25A7F75013A0E8CF00F4BD57 = {
			isa = PBXGroup;
			children = (
				25A7F76513A0E8CF00F4BD57 /* Serwus */,
				2554A1B113A263050086E87A /* Images */,
				25A7F77F13A0E8D000F4BD57 /* SerwusTests */,
				25A7F75E13A0E8CF00F4BD57 /* Frameworks */,
				25A7F75C13A0E8CF00F4BD57 /* Products */,
			);
			sourceTree = "<group>";
		};
		25A7F75C13A0E8CF00F4BD57 /* Products */ = {
			isa = PBXGroup;
			children = (
				25A7F75B13A0E8CF00F4BD57 /* Serwus.app */,
				25A7F77913A0E8D000F4BD57 /* SerwusTests.octest */,
			);
			name = Products;
			sourceTree = "<group>";
		};
		25A7F75E13A0E8CF00F4BD57 /* Frameworks */ = {
			isa = PBXGroup;
			children = (
				2554A19F13A25EB20086E87A /* CFNetwork.framework */,
				25A7F75F13A0E8CF00F4BD57 /* UIKit.framework */,
				25A7F76113A0E8CF00F4BD57 /* Foundation.framework */,
				25A7F76313A0E8CF00F4BD57 /* CoreGraphics.framework */,
			);
			name = Frameworks;
			sourceTree = "<group>";
		};
		25A7F76513A0E8CF00F4BD57 /* Serwus */ = {
			isa = PBXGroup;
			children = (
				2554A19313A25C030086E87A /* External */,
				2554A19213A25B010086E87A /* Server */,
				25A7F76E13A0E8CF00F4BD57 /* SerwusAppDelegate.h */,
				25A7F76F13A0E8CF00F4BD57 /* SerwusAppDelegate.m */,
				25A7F77113A0E8CF00F4BD57 /* MainWindow.xib */,
				25A7F79213A0F9D300F4BD57 /* MCServiceListController.h */,
				25A7F79313A0F9D300F4BD57 /* MCServiceListController.m */,
				25A7F79413A0F9D300F4BD57 /* MCServiceListController.xib */,
				25A7F76613A0E8CF00F4BD57 /* Supporting Files */,
				25A7F79A13A0FDA300F4BD57 /* MCChatServer.h */,
				25A7F79B13A0FDA300F4BD57 /* MCChatServer.m */,
				25A7F79D13A1072800F4BD57 /* MCChatClient.h */,
				25A7F79E13A1072800F4BD57 /* MCChatClient.m */,
				2554A18E13A25A9E0086E87A /* MCMessage.h */,
				2554A18F13A25A9E0086E87A /* MCMessage.m */,
				2554A1BA13A263430086E87A /* MCChatController.h */,
				2554A1BB13A263440086E87A /* MCChatController.m */,
				2554A1BC13A263440086E87A /* MCChatController.xib */,
				2554A1F213A26C2A0086E87A /* MCServiceDetailsController.h */,
				2554A1F313A26C2A0086E87A /* MCServiceDetailsController.m */,
				2554A1F413A26C2A0086E87A /* MCServiceDetailsController.xib */,
			);
			path = Serwus;
			sourceTree = "<group>";
		};
		25A7F76613A0E8CF00F4BD57 /* Supporting Files */ = {
			isa = PBXGroup;
			children = (
				25A7F79713A0FB7100F4BD57 /* DebugLog.m */,
				25A7F76713A0E8CF00F4BD57 /* Serwus-Info.plist */,
				25A7F76813A0E8CF00F4BD57 /* InfoPlist.strings */,
				25A7F76B13A0E8CF00F4BD57 /* Serwus-Prefix.pch */,
				25A7F76C13A0E8CF00F4BD57 /* main.m */,
			);
			name = "Supporting Files";
			sourceTree = "<group>";
		};
		25A7F77F13A0E8D000F4BD57 /* SerwusTests */ = {
			isa = PBXGroup;
			children = (
				25A7F78613A0E8D000F4BD57 /* SerwusTests.h */,
				25A7F78813A0E8D000F4BD57 /* SerwusTests.m */,
				25A7F78013A0E8D000F4BD57 /* Supporting Files */,
			);
			path = SerwusTests;
			sourceTree = "<group>";
		};
		25A7F78013A0E8D000F4BD57 /* Supporting Files */ = {
			isa = PBXGroup;
			children = (
				25A7F78113A0E8D000F4BD57 /* SerwusTests-Info.plist */,
				25A7F78213A0E8D000F4BD57 /* InfoPlist.strings */,
				25A7F78513A0E8D000F4BD57 /* SerwusTests-Prefix.pch */,
			);
			name = "Supporting Files";
			sourceTree = "<group>";
		};
/* End PBXGroup section */

/* Begin PBXNativeTarget section */
		25A7F75A13A0E8CF00F4BD57 /* Serwus */ = {
			isa = PBXNativeTarget;
			buildConfigurationList = 25A7F78C13A0E8D000F4BD57 /* Build configuration list for PBXNativeTarget "Serwus" */;
			buildPhases = (
				25A7F75713A0E8CF00F4BD57 /* Sources */,
				25A7F75813A0E8CF00F4BD57 /* Frameworks */,
				25A7F75913A0E8CF00F4BD57 /* Resources */,
			);
			buildRules = (
			);
			dependencies = (
			);
			name = Serwus;
			productName = Serwus;
			productReference = 25A7F75B13A0E8CF00F4BD57 /* Serwus.app */;
			productType = "com.apple.product-type.application";
		};
		25A7F77813A0E8D000F4BD57 /* SerwusTests */ = {
			isa = PBXNativeTarget;
			buildConfigurationList = 25A7F78F13A0E8D000F4BD57 /* Build configuration list for PBXNativeTarget "SerwusTests" */;
			buildPhases = (
				25A7F77413A0E8D000F4BD57 /* Sources */,
				25A7F77513A0E8D000F4BD57 /* Frameworks */,
				25A7F77613A0E8D000F4BD57 /* Resources */,
				25A7F77713A0E8D000F4BD57 /* ShellScript */,
			);
			buildRules = (
			);
			dependencies = (
				25A7F77E13A0E8D000F4BD57 /* PBXTargetDependency */,
			);
			name = SerwusTests;
			productName = SerwusTests;
			productReference = 25A7F77913A0E8D000F4BD57 /* SerwusTests.octest */;
			productType = "com.apple.product-type.bundle";
		};
/* End PBXNativeTarget section */

/* Begin PBXProject section */
		25A7F75213A0E8CF00F4BD57 /* Project object */ = {
			isa = PBXProject;
			buildConfigurationList = 25A7F75513A0E8CF00F4BD57 /* Build configuration list for PBXProject "Serwus" */;
			compatibilityVersion = "Xcode 3.2";
			developmentRegion = English;
			hasScannedForEncodings = 0;
			knownRegions = (
				en,
			);
			mainGroup = 25A7F75013A0E8CF00F4BD57;
			productRefGroup = 25A7F75C13A0E8CF00F4BD57 /* Products */;
			projectDirPath = "";
			projectRoot = "";
			targets = (
				25A7F75A13A0E8CF00F4BD57 /* Serwus */,
				25A7F77813A0E8D000F4BD57 /* SerwusTests */,
			);
		};
/* End PBXProject section */

/* Begin PBXResourcesBuildPhase section */
		25A7F75913A0E8CF00F4BD57 /* Resources */ = {
			isa = PBXResourcesBuildPhase;
			buildActionMask = 2147483647;
			files = (
				25A7F76A13A0E8CF00F4BD57 /* InfoPlist.strings in Resources */,
				25A7F77313A0E8CF00F4BD57 /* MainWindow.xib in Resources */,
				25A7F79613A0F9D300F4BD57 /* MCServiceListController.xib in Resources */,
				2554A1B613A263050086E87A /* comment.png in Resources */,
				2554A1B713A263050086E87A /* comment@2x.png in Resources */,
				2554A1B813A263050086E87A /* magnifier.png in Resources */,
				2554A1B913A263050086E87A /* magnifier@2x.png in Resources */,
				2554A1BE13A263440086E87A /* MCChatController.xib in Resources */,
				2554A1F013A26B6C0086E87A /* reload.png in Resources */,
				2554A1F113A26B6C0086E87A /* reload@2x.png in Resources */,
				2554A1F613A26C2B0086E87A /* MCServiceDetailsController.xib in Resources */,
			);
			runOnlyForDeploymentPostprocessing = 0;
		};
		25A7F77613A0E8D000F4BD57 /* Resources */ = {
			isa = PBXResourcesBuildPhase;
			buildActionMask = 2147483647;
			files = (
				25A7F78413A0E8D000F4BD57 /* InfoPlist.strings in Resources */,
				25A7F78713A0E8D000F4BD57 /* SerwusTests.h in Resources */,
			);
			runOnlyForDeploymentPostprocessing = 0;
		};
/* End PBXResourcesBuildPhase section */

/* Begin PBXShellScriptBuildPhase section */
		25A7F77713A0E8D000F4BD57 /* ShellScript */ = {
			isa = PBXShellScriptBuildPhase;
			buildActionMask = 2147483647;
			files = (
			);
			inputPaths = (
			);
			outputPaths = (
			);
			runOnlyForDeploymentPostprocessing = 0;
			shellPath = /bin/sh;
			shellScript = "# Run the unit tests in this test bundle.\n\"${SYSTEM_DEVELOPER_DIR}/Tools/RunUnitTests\"\n";
		};
/* End PBXShellScriptBuildPhase section */

/* Begin PBXSourcesBuildPhase section */
		25A7F75713A0E8CF00F4BD57 /* Sources */ = {
			isa = PBXSourcesBuildPhase;
			buildActionMask = 2147483647;
			files = (
				25A7F76D13A0E8CF00F4BD57 /* main.m in Sources */,
				25A7F77013A0E8CF00F4BD57 /* SerwusAppDelegate.m in Sources */,
				25A7F79513A0F9D300F4BD57 /* MCServiceListController.m in Sources */,
				25A7F79813A0FB7100F4BD57 /* DebugLog.m in Sources */,
				25A7F79C13A0FDA300F4BD57 /* MCChatServer.m in Sources */,
				25A7F79F13A1072800F4BD57 /* MCChatClient.m in Sources */,
				2554A19013A25A9E0086E87A /* MCMessage.m in Sources */,
				2554A19613A25C030086E87A /* AsyncSocket.m in Sources */,
				2554A1BD13A263440086E87A /* MCChatController.m in Sources */,
				2554A1F513A26C2B0086E87A /* MCServiceDetailsController.m in Sources */,
			);
			runOnlyForDeploymentPostprocessing = 0;
		};
		25A7F77413A0E8D000F4BD57 /* Sources */ = {
			isa = PBXSourcesBuildPhase;
			buildActionMask = 2147483647;
			files = (
				25A7F78913A0E8D000F4BD57 /* SerwusTests.m in Sources */,
				25A7F79913A0FB7100F4BD57 /* DebugLog.m in Sources */,
			);
			runOnlyForDeploymentPostprocessing = 0;
		};
/* End PBXSourcesBuildPhase section */

/* Begin PBXTargetDependency section */
		25A7F77E13A0E8D000F4BD57 /* PBXTargetDependency */ = {
			isa = PBXTargetDependency;
			target = 25A7F75A13A0E8CF00F4BD57 /* Serwus */;
			targetProxy = 25A7F77D13A0E8D000F4BD57 /* PBXContainerItemProxy */;
		};
/* End PBXTargetDependency section */

/* Begin PBXVariantGroup section */
		25A7F76813A0E8CF00F4BD57 /* InfoPlist.strings */ = {
			isa = PBXVariantGroup;
			children = (
				25A7F76913A0E8CF00F4BD57 /* en */,
			);
			name = InfoPlist.strings;
			sourceTree = "<group>";
		};
		25A7F77113A0E8CF00F4BD57 /* MainWindow.xib */ = {
			isa = PBXVariantGroup;
			children = (
				25A7F77213A0E8CF00F4BD57 /* en */,
			);
			name = MainWindow.xib;
			sourceTree = "<group>";
		};
		25A7F78213A0E8D000F4BD57 /* InfoPlist.strings */ = {
			isa = PBXVariantGroup;
			children = (
				25A7F78313A0E8D000F4BD57 /* en */,
			);
			name = InfoPlist.strings;
			sourceTree = "<group>";
		};
/* End PBXVariantGroup section */

/* Begin XCBuildConfiguration section */
		25A7F78A13A0E8D000F4BD57 /* Debug */ = {
			isa = XCBuildConfiguration;
			buildSettings = {
				ARCHS = "$(ARCHS_STANDARD_32_BIT)";
				"CODE_SIGN_IDENTITY[sdk=iphoneos*]" = "iPhone Developer";
				GCC_C_LANGUAGE_STANDARD = gnu99;
				GCC_OPTIMIZATION_LEVEL = 0;
				GCC_PREPROCESSOR_DEFINITIONS = DEBUG;
				GCC_SYMBOLS_PRIVATE_EXTERN = NO;
				GCC_VERSION = com.apple.compilers.llvmgcc42;
				GCC_WARN_ABOUT_RETURN_TYPE = YES;
				GCC_WARN_UNUSED_VARIABLE = YES;
				IPHONEOS_DEPLOYMENT_TARGET = 4.3;
				SDKROOT = iphoneos;
			};
			name = Debug;
		};
		25A7F78B13A0E8D000F4BD57 /* Release */ = {
			isa = XCBuildConfiguration;
			buildSettings = {
				ARCHS = "$(ARCHS_STANDARD_32_BIT)";
				"CODE_SIGN_IDENTITY[sdk=iphoneos*]" = "iPhone Developer";
				GCC_C_LANGUAGE_STANDARD = gnu99;
				GCC_VERSION = com.apple.compilers.llvmgcc42;
				GCC_WARN_ABOUT_RETURN_TYPE = YES;
				GCC_WARN_UNUSED_VARIABLE = YES;
				IPHONEOS_DEPLOYMENT_TARGET = 4.3;
				OTHER_CFLAGS = "-DNS_BLOCK_ASSERTIONS=1";
				SDKROOT = iphoneos;
			};
			name = Release;
		};
		25A7F78D13A0E8D000F4BD57 /* Debug */ = {
			isa = XCBuildConfiguration;
			buildSettings = {
				ALWAYS_SEARCH_USER_PATHS = NO;
				COPY_PHASE_STRIP = NO;
				GCC_DYNAMIC_NO_PIC = NO;
				GCC_PRECOMPILE_PREFIX_HEADER = YES;
				GCC_PREFIX_HEADER = "Serwus/Serwus-Prefix.pch";
				INFOPLIST_FILE = "Serwus/Serwus-Info.plist";
				PRODUCT_NAME = "$(TARGET_NAME)";
				WRAPPER_EXTENSION = app;
			};
			name = Debug;
		};
		25A7F78E13A0E8D000F4BD57 /* Release */ = {
			isa = XCBuildConfiguration;
			buildSettings = {
				ALWAYS_SEARCH_USER_PATHS = NO;
				COPY_PHASE_STRIP = YES;
				GCC_PRECOMPILE_PREFIX_HEADER = YES;
				GCC_PREFIX_HEADER = "Serwus/Serwus-Prefix.pch";
				INFOPLIST_FILE = "Serwus/Serwus-Info.plist";
				PRODUCT_NAME = "$(TARGET_NAME)";
				VALIDATE_PRODUCT = YES;
				WRAPPER_EXTENSION = app;
			};
			name = Release;
		};
		25A7F79013A0E8D000F4BD57 /* Debug */ = {
			isa = XCBuildConfiguration;
			buildSettings = {
				ALWAYS_SEARCH_USER_PATHS = NO;
				BUNDLE_LOADER = "$(BUILT_PRODUCTS_DIR)/Serwus.app/Serwus";
				FRAMEWORK_SEARCH_PATHS = (
					"$(SDKROOT)/Developer/Library/Frameworks",
					"$(DEVELOPER_LIBRARY_DIR)/Frameworks",
				);
				GCC_PRECOMPILE_PREFIX_HEADER = YES;
				GCC_PREFIX_HEADER = "SerwusTests/SerwusTests-Prefix.pch";
				INFOPLIST_FILE = "SerwusTests/SerwusTests-Info.plist";
				OTHER_LDFLAGS = (
					"-framework",
					SenTestingKit,
				);
				PRODUCT_NAME = "$(TARGET_NAME)";
				TEST_HOST = "$(BUNDLE_LOADER)";
				WRAPPER_EXTENSION = octest;
			};
			name = Debug;
		};
		25A7F79113A0E8D000F4BD57 /* Release */ = {
			isa = XCBuildConfiguration;
			buildSettings = {
				ALWAYS_SEARCH_USER_PATHS = NO;
				BUNDLE_LOADER = "$(BUILT_PRODUCTS_DIR)/Serwus.app/Serwus";
				FRAMEWORK_SEARCH_PATHS = (
					"$(SDKROOT)/Developer/Library/Frameworks",
					"$(DEVELOPER_LIBRARY_DIR)/Frameworks",
				);
				GCC_PRECOMPILE_PREFIX_HEADER = YES;
				GCC_PREFIX_HEADER = "SerwusTests/SerwusTests-Prefix.pch";
				INFOPLIST_FILE = "SerwusTests/SerwusTests-Info.plist";
				OTHER_LDFLAGS = (
					"-framework",
					SenTestingKit,
				);
				PRODUCT_NAME = "$(TARGET_NAME)";
				TEST_HOST = "$(BUNDLE_LOADER)";
				WRAPPER_EXTENSION = octest;
			};
			name = Release;
		};
/* End XCBuildConfiguration section */

/* Begin XCConfigurationList section */
		25A7F75513A0E8CF00F4BD57 /* Build configuration list for PBXProject "Serwus" */ = {
			isa = XCConfigurationList;
			buildConfigurations = (
				25A7F78A13A0E8D000F4BD57 /* Debug */,
				25A7F78B13A0E8D000F4BD57 /* Release */,
			);
			defaultConfigurationIsVisible = 0;
			defaultConfigurationName = Release;
		};
		25A7F78C13A0E8D000F4BD57 /* Build configuration list for PBXNativeTarget "Serwus" */ = {
			isa = XCConfigurationList;
			buildConfigurations = (
				25A7F78D13A0E8D000F4BD57 /* Debug */,
				25A7F78E13A0E8D000F4BD57 /* Release */,
			);
			defaultConfigurationIsVisible = 0;
			defaultConfigurationName = Release;
		};
		25A7F78F13A0E8D000F4BD57 /* Build configuration list for PBXNativeTarget "SerwusTests" */ = {
			isa = XCConfigurationList;
			buildConfigurations = (
				25A7F79013A0E8D000F4BD57 /* Debug */,
				25A7F79113A0E8D000F4BD57 /* Release */,
			);
			defaultConfigurationIsVisible = 0;
			defaultConfigurationName = Release;
		};
/* End XCConfigurationList section */
	};
	rootObject = 25A7F75213A0E8CF00F4BD57 /* Project object */;
}
